
Microsoft Visual Studio Solution File, Format Version 10.00
# Visual C++ Express 2008
Project("{8BC9CEB8-8B4A-11D0-8D11-00A0C91BC942}") = "libosmscout", "libosmscout\msvc2008_libosmscout.vcproj", "{28685C06-1279-474D-A09B-03D4AA784DE5}"
EndProject
Project("{8BC9CEB8-8B4A-11D0-8D11-00A0C91BC942}") = "libosmscout-import", "libosmscout-import\msvc2008_libosmscout-import.vcproj", "{F98B09B4-22C3-46C7-9213-CB04A44CCE35}"
	ProjectSection(ProjectDependencies) = postProject
		{28685C06-1279-474D-A09B-03D4AA784DE5} = {28685C06-1279-474D-A09B-03D4AA784DE5}
	EndProjectSection
EndProject
Project("{8BC9CEB8-8B4A-11D0-8D11-00A0C91BC942}") = "Import", "Import\msvc2008_Import.vcproj", "{8A3EC0D4-A64D-4BDC-9094-EC0354CE8762}"
	ProjectSection(ProjectDependencies) = postProject
		{28685C06-1279-474D-A09B-03D4AA784DE5} = {28685C06-1279-474D-A09B-03D4AA784DE5}
		{F98B09B4-22C3-46C7-9213-CB04A44CCE35} = {F98B09B4-22C3-46C7-9213-CB04A44CCE35}
	EndProjectSection
EndProject
Project("{8BC9CEB8-8B4A-11D0-8D11-00A0C91BC942}") = "libosmscout-map-qt", "libosmscout-map-qt\msvc2008_libosmscout-map-qt.vcproj", "{A7B15A67-5A6D-444E-88AA-31BC706E01DE}"
	ProjectSection(ProjectDependencies) = postProject
		{28685C06-1279-474D-A09B-03D4AA784DE5} = {28685C06-1279-474D-A09B-03D4AA784DE5}
		{06C71E2B-6E82-4B1D-BA16-3B94007EF105} = {06C71E2B-6E82-4B1D-BA16-3B94007EF105}
	EndProjectSection
EndProject
Project("{8BC9CEB8-8B4A-11D0-8D11-00A0C91BC942}") = "libosmscout-map", "libosmscout-map\msvc2008_libosmscout-map.vcproj", "{06C71E2B-6E82-4B1D-BA16-3B94007EF105}"
	ProjectSection(ProjectDependencies) = postProject
		{28685C06-1279-474D-A09B-03D4AA784DE5} = {28685C06-1279-474D-A09B-03D4AA784DE5}
	EndProjectSection
EndProject
Project("{8BC9CEB8-8B4A-11D0-8D11-00A0C91BC942}") = "OSMScout", "OSMScout\msvc2008_OSMScout.vcproj", "{83C487CE-ACBB-4DCA-86C0-68D9334B1B1E}"
	ProjectSection(ProjectDependencies) = postProject
		{28685C06-1279-474D-A09B-03D4AA784DE5} = {28685C06-1279-474D-A09B-03D4AA784DE5}
		{06C71E2B-6E82-4B1D-BA16-3B94007EF105} = {06C71E2B-6E82-4B1D-BA16-3B94007EF105}
		{A7B15A67-5A6D-444E-88AA-31BC706E01DE} = {A7B15A67-5A6D-444E-88AA-31BC706E01DE}
	EndProjectSection
EndProject
Project("{8BC9CEB8-8B4A-11D0-8D11-00A0C91BC942}") = "demo_drawmap_qt", "demo\msvc2008_drawmap_qt.vcproj", "{8F517093-F4C2-4301-A997-3DC46364CD65}"
	ProjectSection(ProjectDependencies) = postProject
		{28685C06-1279-474D-A09B-03D4AA784DE5} = {28685C06-1279-474D-A09B-03D4AA784DE5}
		{06C71E2B-6E82-4B1D-BA16-3B94007EF105} = {06C71E2B-6E82-4B1D-BA16-3B94007EF105}
		{A7B15A67-5A6D-444E-88AA-31BC706E01DE} = {A7B15A67-5A6D-444E-88AA-31BC706E01DE}
	EndProjectSection
EndProject
Project("{8BC9CEB8-8B4A-11D0-8D11-00A0C91BC942}") = "demo_AddressLookup", "demo\msvc2008_AddressLookup.vcproj", "{333DC6D1-8461-4DD7-889E-24F32AD621DF}"
	ProjectSection(ProjectDependencies) = postProject
		{28685C06-1279-474D-A09B-03D4AA784DE5} = {28685C06-1279-474D-A09B-03D4AA784DE5}
	EndProjectSection
EndProject
Global
	GlobalSection(SolutionConfigurationPlatforms) = preSolution
		Debug|Win32 = Debug|Win32
		Release|Win32 = Release|Win32
	EndGlobalSection
	GlobalSection(ProjectConfigurationPlatforms) = postSolution
		{28685C06-1279-474D-A09B-03D4AA784DE5}.Debug|Win32.ActiveCfg = Debug|Win32
		{28685C06-1279-474D-A09B-03D4AA784DE5}.Debug|Win32.Build.0 = Debug|Win32
		{28685C06-1279-474D-A09B-03D4AA784DE5}.Release|Win32.ActiveCfg = Release|Win32
		{28685C06-1279-474D-A09B-03D4AA784DE5}.Release|Win32.Build.0 = Release|Win32
		{F98B09B4-22C3-46C7-9213-CB04A44CCE35}.Debug|Win32.ActiveCfg = Debug|Win32
		{F98B09B4-22C3-46C7-9213-CB04A44CCE35}.Debug|Win32.Build.0 = Debug|Win32
		{F98B09B4-22C3-46C7-9213-CB04A44CCE35}.Release|Win32.ActiveCfg = Release|Win32
		{F98B09B4-22C3-46C7-9213-CB04A44CCE35}.Release|Win32.Build.0 = Release|Win32
		{8A3EC0D4-A64D-4BDC-9094-EC0354CE8762}.Debug|Win32.ActiveCfg = Debug|Win32
		{8A3EC0D4-A64D-4BDC-9094-EC0354CE8762}.Debug|Win32.Build.0 = Debug|Win32
		{8A3EC0D4-A64D-4BDC-9094-EC0354CE8762}.Release|Win32.ActiveCfg = Release|Win32
		{8A3EC0D4-A64D-4BDC-9094-EC0354CE8762}.Release|Win32.Build.0 = Release|Win32
		{A7B15A67-5A6D-444E-88AA-31BC706E01DE}.Debug|Win32.ActiveCfg = Debug|Win32
		{A7B15A67-5A6D-444E-88AA-31BC706E01DE}.Debug|Win32.Build.0 = Debug|Win32
		{A7B15A67-5A6D-444E-88AA-31BC706E01DE}.Release|Win32.ActiveCfg = Release|Win32
		{A7B15A67-5A6D-444E-88AA-31BC706E01DE}.Release|Win32.Build.0 = Release|Win32
		{06C71E2B-6E82-4B1D-BA16-3B94007EF105}.Debug|Win32.ActiveCfg = Debug|Win32
		{06C71E2B-6E82-4B1D-BA16-3B94007EF105}.Debug|Win32.Build.0 = Debug|Win32
		{06C71E2B-6E82-4B1D-BA16-3B94007EF105}.Release|Win32.ActiveCfg = Release|Win32
		{06C71E2B-6E82-4B1D-BA16-3B94007EF105}.Release|Win32.Build.0 = Release|Win32
		{83C487CE-ACBB-4DCA-86C0-68D9334B1B1E}.Debug|Win32.ActiveCfg = Debug|Win32
		{83C487CE-ACBB-4DCA-86C0-68D9334B1B1E}.Debug|Win32.Build.0 = Debug|Win32
		{83C487CE-ACBB-4DCA-86C0-68D9334B1B1E}.Release|Win32.ActiveCfg = Release|Win32
		{83C487CE-ACBB-4DCA-86C0-68D9334B1B1E}.Release|Win32.Build.0 = Release|Win32
		{8F517093-F4C2-4301-A997-3DC46364CD65}.Debug|Win32.ActiveCfg = Debug|Win32
		{8F517093-F4C2-4301-A997-3DC46364CD65}.Debug|Win32.Build.0 = Debug|Win32
		{8F517093-F4C2-4301-A997-3DC46364CD65}.Release|Win32.ActiveCfg = Release|Win32
		{8F517093-F4C2-4301-A997-3DC46364CD65}.Release|Win32.Build.0 = Release|Win32
		{333DC6D1-8461-4DD7-889E-24F32AD621DF}.Debug|Win32.ActiveCfg = Debug|Win32
		{333DC6D1-8461-4DD7-889E-24F32AD621DF}.Debug|Win32.Build.0 = Debug|Win32
		{333DC6D1-8461-4DD7-889E-24F32AD621DF}.Release|Win32.ActiveCfg = Release|Win32
		{333DC6D1-8461-4DD7-889E-24F32AD621DF}.Release|Win32.Build.0 = Release|Win32
	EndGlobalSection
	GlobalSection(SolutionProperties) = preSolution
		HideSolutionNode = FALSE
	EndGlobalSection
EndGlobal
