// !$*UTF8*$!
{
	archiveVersion = 1;
	classes = {
	};
	objectVersion = 46;
	objects = {

/* Begin PBXBuildFile section */
		4DD803211DEEDF770054A504 /* Exception.cpp in Sources */ = {isa = PBXBuildFile; fileRef = F5B6E3151C046F1500A3EC39 /* Exception.cpp */; };
		4DD803221DEEDFD90054A504 /* WayDataFile.cpp in Sources */ = {isa = PBXBuildFile; fileRef = F56129AD1C5FEBEE00EA29EA /* WayDataFile.cpp */; };
		4DD803241DEEE0040054A504 /* AreaDataFile.cpp in Sources */ = {isa = PBXBuildFile; fileRef = F56129AC1C5FEBEE00EA29EA /* AreaDataFile.cpp */; };
		4DD8032F1DEEE15C0054A504 /* BoundingBoxDataFile.cpp in Sources */ = {isa = PBXBuildFile; fileRef = 4DD8032C1DEEE15C0054A504 /* BoundingBoxDataFile.cpp */; };
		4DD803301DEEE15C0054A504 /* ObjectVariantDataFile.cpp in Sources */ = {isa = PBXBuildFile; fileRef = 4DD8032D1DEEE15C0054A504 /* ObjectVariantDataFile.cpp */; };
		4DD803311DEEE15C0054A504 /* TypeDistributionDataFile.cpp in Sources */ = {isa = PBXBuildFile; fileRef = 4DD8032E1DEEE15C0054A504 /* TypeDistributionDataFile.cpp */; };
		4DD803321DEEE16F0054A504 /* BoundingBoxDataFile.cpp in Sources */ = {isa = PBXBuildFile; fileRef = 4DD8032C1DEEE15C0054A504 /* BoundingBoxDataFile.cpp */; };
		4DD803331DEEE1730054A504 /* ObjectVariantDataFile.cpp in Sources */ = {isa = PBXBuildFile; fileRef = 4DD8032D1DEEE15C0054A504 /* ObjectVariantDataFile.cpp */; };
		4DD803341DEEE1730054A504 /* TypeDistributionDataFile.cpp in Sources */ = {isa = PBXBuildFile; fileRef = 4DD8032E1DEEE15C0054A504 /* TypeDistributionDataFile.cpp */; };
		E5429DFA1F01A57B00839A60 /* BasemapDatabase.cpp in Sources */ = {isa = PBXBuildFile; fileRef = E5429DF91F01A57B00839A60 /* BasemapDatabase.cpp */; };
		E5429DFC1F01A62000839A60 /* TextSearchIndex.cpp in Sources */ = {isa = PBXBuildFile; fileRef = F5A66AC81A46F5E7007AD752 /* TextSearchIndex.cpp */; };
		E5429DFD1F01A62200839A60 /* TextSearchIndex.cpp in Sources */ = {isa = PBXBuildFile; fileRef = F5A66AC81A46F5E7007AD752 /* TextSearchIndex.cpp */; };
		E5429DFE1F01A62B00839A60 /* BasemapDatabase.cpp in Sources */ = {isa = PBXBuildFile; fileRef = E5429DF91F01A57B00839A60 /* BasemapDatabase.cpp */; };
		E55CFD8E1F2FA9F9004AAA59 /* AbstractRoutingService.cpp in Sources */ = {isa = PBXBuildFile; fileRef = E55CFD831F2FA9F9004AAA59 /* AbstractRoutingService.cpp */; };
		E55CFD8F1F2FA9F9004AAA59 /* MultiDBRoutingService.cpp in Sources */ = {isa = PBXBuildFile; fileRef = E55CFD841F2FA9F9004AAA59 /* MultiDBRoutingService.cpp */; };
		E55CFD901F2FA9F9004AAA59 /* MultiDBRoutingState.cpp in Sources */ = {isa = PBXBuildFile; fileRef = E55CFD851F2FA9F9004AAA59 /* MultiDBRoutingState.cpp */; };
		E55CFD911F2FA9F9004AAA59 /* Route.cpp in Sources */ = {isa = PBXBuildFile; fileRef = E55CFD861F2FA9F9004AAA59 /* Route.cpp */; };
		E55CFD921F2FA9F9004AAA59 /* RouteData.cpp in Sources */ = {isa = PBXBuildFile; fileRef = E55CFD871F2FA9F9004AAA59 /* RouteData.cpp */; };
		E55CFD931F2FA9F9004AAA59 /* RouteNode.cpp in Sources */ = {isa = PBXBuildFile; fileRef = E55CFD881F2FA9F9004AAA59 /* RouteNode.cpp */; };
		E55CFD941F2FA9F9004AAA59 /* RoutePostprocessor.cpp in Sources */ = {isa = PBXBuildFile; fileRef = E55CFD891F2FA9F9004AAA59 /* RoutePostprocessor.cpp */; };
		E55CFD951F2FA9F9004AAA59 /* RoutingProfile.cpp in Sources */ = {isa = PBXBuildFile; fileRef = E55CFD8A1F2FA9F9004AAA59 /* RoutingProfile.cpp */; };
		E55CFD961F2FA9F9004AAA59 /* RoutingService.cpp in Sources */ = {isa = PBXBuildFile; fileRef = E55CFD8B1F2FA9F9004AAA59 /* RoutingService.cpp */; };
		E55CFD971F2FA9F9004AAA59 /* SimpleRoutingService.cpp in Sources */ = {isa = PBXBuildFile; fileRef = E55CFD8C1F2FA9F9004AAA59 /* SimpleRoutingService.cpp */; };
		E55CFD981F2FA9F9004AAA59 /* TurnRestriction.cpp in Sources */ = {isa = PBXBuildFile; fileRef = E55CFD8D1F2FA9F9004AAA59 /* TurnRestriction.cpp */; };
		E55CFD9C1F2FAA36004AAA59 /* CmdLineParsing.cpp in Sources */ = {isa = PBXBuildFile; fileRef = E55CFD991F2FAA36004AAA59 /* CmdLineParsing.cpp */; };
		E55CFD9D1F2FAA36004AAA59 /* HTMLWriter.cpp in Sources */ = {isa = PBXBuildFile; fileRef = E55CFD9A1F2FAA36004AAA59 /* HTMLWriter.cpp */; };
		E55CFD9E1F2FAA36004AAA59 /* TagErrorReporter.cpp in Sources */ = {isa = PBXBuildFile; fileRef = E55CFD9B1F2FAA36004AAA59 /* TagErrorReporter.cpp */; };
		F51E3EA3161A5F4000D51926 /* Foundation.framework in Frameworks */ = {isa = PBXBuildFile; fileRef = F51E3EA2161A5F4000D51926 /* Foundation.framework */; };
		F51E3EFF161A5FEC00D51926 /* AreaAreaIndex.cpp in Sources */ = {isa = PBXBuildFile; fileRef = F51E3EB3161A5FEC00D51926 /* AreaAreaIndex.cpp */; };
		F51E3F00161A5FEC00D51926 /* AreaNodeIndex.cpp in Sources */ = {isa = PBXBuildFile; fileRef = F51E3EB4161A5FEC00D51926 /* AreaNodeIndex.cpp */; };
		F51E3F01161A5FEC00D51926 /* AreaWayIndex.cpp in Sources */ = {isa = PBXBuildFile; fileRef = F51E3EB5161A5FEC00D51926 /* AreaWayIndex.cpp */; };
		F51E3F03161A5FEC00D51926 /* Database.cpp in Sources */ = {isa = PBXBuildFile; fileRef = F51E3EB7161A5FEC00D51926 /* Database.cpp */; };
		F51E3F04161A5FEC00D51926 /* GroundTile.cpp in Sources */ = {isa = PBXBuildFile; fileRef = F51E3EB8161A5FEC00D51926 /* GroundTile.cpp */; };
		F51E3F05161A5FEC00D51926 /* Location.cpp in Sources */ = {isa = PBXBuildFile; fileRef = F51E3EB9161A5FEC00D51926 /* Location.cpp */; };
		F51E3F06161A5FEC00D51926 /* Node.cpp in Sources */ = {isa = PBXBuildFile; fileRef = F51E3EBA161A5FEC00D51926 /* Node.cpp */; };
		F51E3F07161A5FEC00D51926 /* NumericIndex.cpp in Sources */ = {isa = PBXBuildFile; fileRef = F51E3EBB161A5FEC00D51926 /* NumericIndex.cpp */; };
		F51E3F08161A5FEC00D51926 /* ObjectRef.cpp in Sources */ = {isa = PBXBuildFile; fileRef = F51E3EBC161A5FEC00D51926 /* ObjectRef.cpp */; };
		F51E3F0A161A5FEC00D51926 /* Parser.cpp in Sources */ = {isa = PBXBuildFile; fileRef = F51E3EC2161A5FEC00D51926 /* Parser.cpp */; };
		F51E3F0B161A5FEC00D51926 /* Scanner.cpp in Sources */ = {isa = PBXBuildFile; fileRef = F51E3EC3161A5FEC00D51926 /* Scanner.cpp */; };
		F51E3F0C161A5FEC00D51926 /* Path.cpp in Sources */ = {isa = PBXBuildFile; fileRef = F51E3EC4161A5FEC00D51926 /* Path.cpp */; };
		F51E3F0D161A5FEC00D51926 /* Point.cpp in Sources */ = {isa = PBXBuildFile; fileRef = F51E3EC5161A5FEC00D51926 /* Point.cpp */; };
		F51E3F16161A5FEC00D51926 /* SSEMath.cpp in Sources */ = {isa = PBXBuildFile; fileRef = F51E3ED1161A5FEC00D51926 /* SSEMath.cpp */; };
		F51E3F17161A5FEC00D51926 /* Tag.cpp in Sources */ = {isa = PBXBuildFile; fileRef = F51E3ED2161A5FEC00D51926 /* Tag.cpp */; };
		F51E3F19161A5FEC00D51926 /* TypeConfig.cpp in Sources */ = {isa = PBXBuildFile; fileRef = F51E3ED4161A5FEC00D51926 /* TypeConfig.cpp */; };
		F51E3F1B161A5FEC00D51926 /* Types.cpp in Sources */ = {isa = PBXBuildFile; fileRef = F51E3ED6161A5FEC00D51926 /* Types.cpp */; };
		F51E3F1D161A5FEC00D51926 /* Breaker.cpp in Sources */ = {isa = PBXBuildFile; fileRef = F51E3EEB161A5FEC00D51926 /* Breaker.cpp */; };
		F51E3F1E161A5FEC00D51926 /* Cache.cpp in Sources */ = {isa = PBXBuildFile; fileRef = F51E3EEC161A5FEC00D51926 /* Cache.cpp */; };
		F51E3F1F161A5FEC00D51926 /* Color.cpp in Sources */ = {isa = PBXBuildFile; fileRef = F51E3EED161A5FEC00D51926 /* Color.cpp */; };
		F51E3F20161A5FEC00D51926 /* File.cpp in Sources */ = {isa = PBXBuildFile; fileRef = F51E3EEE161A5FEC00D51926 /* File.cpp */; };
		F51E3F21161A5FEC00D51926 /* FileScanner.cpp in Sources */ = {isa = PBXBuildFile; fileRef = F51E3EEF161A5FEC00D51926 /* FileScanner.cpp */; };
		F51E3F22161A5FEC00D51926 /* FileWriter.cpp in Sources */ = {isa = PBXBuildFile; fileRef = F51E3EF0161A5FEC00D51926 /* FileWriter.cpp */; };
		F51E3F23161A5FEC00D51926 /* Geometry.cpp in Sources */ = {isa = PBXBuildFile; fileRef = F51E3EF1161A5FEC00D51926 /* Geometry.cpp */; };
		F51E3F26161A5FEC00D51926 /* Number.cpp in Sources */ = {isa = PBXBuildFile; fileRef = F51E3EF4161A5FEC00D51926 /* Number.cpp */; };
		F51E3F27161A5FEC00D51926 /* NumberSet.cpp in Sources */ = {isa = PBXBuildFile; fileRef = F51E3EF5161A5FEC00D51926 /* NumberSet.cpp */; };
		F51E3F28161A5FEC00D51926 /* Progress.cpp in Sources */ = {isa = PBXBuildFile; fileRef = F51E3EF6161A5FEC00D51926 /* Progress.cpp */; };
		F51E3F29161A5FEC00D51926 /* Projection.cpp in Sources */ = {isa = PBXBuildFile; fileRef = F51E3EF7161A5FEC00D51926 /* Projection.cpp */; };
		F51E3F2B161A5FEC00D51926 /* StopClock.cpp in Sources */ = {isa = PBXBuildFile; fileRef = F51E3EF9161A5FEC00D51926 /* StopClock.cpp */; };
		F51E3F2C161A5FEC00D51926 /* String.cpp in Sources */ = {isa = PBXBuildFile; fileRef = F51E3EFA161A5FEC00D51926 /* String.cpp */; };
		F51E3F2D161A5FEC00D51926 /* Transformation.cpp in Sources */ = {isa = PBXBuildFile; fileRef = F51E3EFB161A5FEC00D51926 /* Transformation.cpp */; };
		F51E3F2E161A5FEC00D51926 /* WaterIndex.cpp in Sources */ = {isa = PBXBuildFile; fileRef = F51E3EFC161A5FEC00D51926 /* WaterIndex.cpp */; };
		F51E3F2F161A5FEC00D51926 /* Way.cpp in Sources */ = {isa = PBXBuildFile; fileRef = F51E3EFD161A5FEC00D51926 /* Way.cpp */; };
		F534FB9B1823E8BD0039CEE4 /* Intersection.h in Headers */ = {isa = PBXBuildFile; fileRef = F534FB9A1823E8BD0039CEE4 /* Intersection.h */; };
		F534FB9D18242F660039CEE4 /* Intersection.cpp in Sources */ = {isa = PBXBuildFile; fileRef = F534FB9C18242F660039CEE4 /* Intersection.cpp */; };
		F534FB9E18242F660039CEE4 /* Intersection.cpp in Sources */ = {isa = PBXBuildFile; fileRef = F534FB9C18242F660039CEE4 /* Intersection.cpp */; };
		F53BD15A16388375006C7AE1 /* Cocoa.framework in Frameworks */ = {isa = PBXBuildFile; fileRef = F53BD15916388375006C7AE1 /* Cocoa.framework */; };
		F53BD1A61638866B006C7AE1 /* AreaAreaIndex.cpp in Sources */ = {isa = PBXBuildFile; fileRef = F51E3EB3161A5FEC00D51926 /* AreaAreaIndex.cpp */; };
		F53BD1A71638866B006C7AE1 /* AreaNodeIndex.cpp in Sources */ = {isa = PBXBuildFile; fileRef = F51E3EB4161A5FEC00D51926 /* AreaNodeIndex.cpp */; };
		F53BD1A81638866B006C7AE1 /* AreaWayIndex.cpp in Sources */ = {isa = PBXBuildFile; fileRef = F51E3EB5161A5FEC00D51926 /* AreaWayIndex.cpp */; };
		F53BD1AA1638866B006C7AE1 /* Database.cpp in Sources */ = {isa = PBXBuildFile; fileRef = F51E3EB7161A5FEC00D51926 /* Database.cpp */; };
		F53BD1AB1638866B006C7AE1 /* GroundTile.cpp in Sources */ = {isa = PBXBuildFile; fileRef = F51E3EB8161A5FEC00D51926 /* GroundTile.cpp */; };
		F53BD1AC1638866B006C7AE1 /* Location.cpp in Sources */ = {isa = PBXBuildFile; fileRef = F51E3EB9161A5FEC00D51926 /* Location.cpp */; };
		F53BD1AD1638866B006C7AE1 /* Node.cpp in Sources */ = {isa = PBXBuildFile; fileRef = F51E3EBA161A5FEC00D51926 /* Node.cpp */; };
		F53BD1AE1638866B006C7AE1 /* NumericIndex.cpp in Sources */ = {isa = PBXBuildFile; fileRef = F51E3EBB161A5FEC00D51926 /* NumericIndex.cpp */; };
		F53BD1AF1638866B006C7AE1 /* ObjectRef.cpp in Sources */ = {isa = PBXBuildFile; fileRef = F51E3EBC161A5FEC00D51926 /* ObjectRef.cpp */; };
		F53BD1B116388673006C7AE1 /* Path.cpp in Sources */ = {isa = PBXBuildFile; fileRef = F51E3EC4161A5FEC00D51926 /* Path.cpp */; };
		F53BD1B216388673006C7AE1 /* Point.cpp in Sources */ = {isa = PBXBuildFile; fileRef = F51E3EC5161A5FEC00D51926 /* Point.cpp */; };
		F53BD1BB1638867D006C7AE1 /* Tag.cpp in Sources */ = {isa = PBXBuildFile; fileRef = F51E3ED2161A5FEC00D51926 /* Tag.cpp */; };
		F53BD1BD1638867D006C7AE1 /* TypeConfig.cpp in Sources */ = {isa = PBXBuildFile; fileRef = F51E3ED4161A5FEC00D51926 /* TypeConfig.cpp */; };
		F53BD1BF1638867D006C7AE1 /* Types.cpp in Sources */ = {isa = PBXBuildFile; fileRef = F51E3ED6161A5FEC00D51926 /* Types.cpp */; };
		F53BD1C116388682006C7AE1 /* WaterIndex.cpp in Sources */ = {isa = PBXBuildFile; fileRef = F51E3EFC161A5FEC00D51926 /* WaterIndex.cpp */; };
		F53BD1C216388682006C7AE1 /* Way.cpp in Sources */ = {isa = PBXBuildFile; fileRef = F51E3EFD161A5FEC00D51926 /* Way.cpp */; };
		F53BD1C31638868B006C7AE1 /* Parser.cpp in Sources */ = {isa = PBXBuildFile; fileRef = F51E3EC2161A5FEC00D51926 /* Parser.cpp */; };
		F53BD1C41638868B006C7AE1 /* Scanner.cpp in Sources */ = {isa = PBXBuildFile; fileRef = F51E3EC3161A5FEC00D51926 /* Scanner.cpp */; };
		F53BD1C51638869A006C7AE1 /* SSEMath.cpp in Sources */ = {isa = PBXBuildFile; fileRef = F51E3ED1161A5FEC00D51926 /* SSEMath.cpp */; };
		F53BD1C6163886B2006C7AE1 /* Breaker.cpp in Sources */ = {isa = PBXBuildFile; fileRef = F51E3EEB161A5FEC00D51926 /* Breaker.cpp */; };
		F53BD1C7163886B2006C7AE1 /* Cache.cpp in Sources */ = {isa = PBXBuildFile; fileRef = F51E3EEC161A5FEC00D51926 /* Cache.cpp */; };
		F53BD1C8163886B2006C7AE1 /* Color.cpp in Sources */ = {isa = PBXBuildFile; fileRef = F51E3EED161A5FEC00D51926 /* Color.cpp */; };
		F53BD1C9163886B2006C7AE1 /* File.cpp in Sources */ = {isa = PBXBuildFile; fileRef = F51E3EEE161A5FEC00D51926 /* File.cpp */; };
		F53BD1CA163886B2006C7AE1 /* FileScanner.cpp in Sources */ = {isa = PBXBuildFile; fileRef = F51E3EEF161A5FEC00D51926 /* FileScanner.cpp */; };
		F53BD1CB163886B2006C7AE1 /* FileWriter.cpp in Sources */ = {isa = PBXBuildFile; fileRef = F51E3EF0161A5FEC00D51926 /* FileWriter.cpp */; };
		F53BD1CC163886B2006C7AE1 /* Geometry.cpp in Sources */ = {isa = PBXBuildFile; fileRef = F51E3EF1161A5FEC00D51926 /* Geometry.cpp */; };
		F53BD1CF163886B2006C7AE1 /* Number.cpp in Sources */ = {isa = PBXBuildFile; fileRef = F51E3EF4161A5FEC00D51926 /* Number.cpp */; };
		F53BD1D0163886B2006C7AE1 /* NumberSet.cpp in Sources */ = {isa = PBXBuildFile; fileRef = F51E3EF5161A5FEC00D51926 /* NumberSet.cpp */; };
		F53BD1D1163886B2006C7AE1 /* Progress.cpp in Sources */ = {isa = PBXBuildFile; fileRef = F51E3EF6161A5FEC00D51926 /* Progress.cpp */; };
		F53BD1D2163886B2006C7AE1 /* Projection.cpp in Sources */ = {isa = PBXBuildFile; fileRef = F51E3EF7161A5FEC00D51926 /* Projection.cpp */; };
		F53BD1D4163886B2006C7AE1 /* StopClock.cpp in Sources */ = {isa = PBXBuildFile; fileRef = F51E3EF9161A5FEC00D51926 /* StopClock.cpp */; };
		F53BD1D5163886B2006C7AE1 /* String.cpp in Sources */ = {isa = PBXBuildFile; fileRef = F51E3EFA161A5FEC00D51926 /* String.cpp */; };
		F53BD1D6163886B2006C7AE1 /* Transformation.cpp in Sources */ = {isa = PBXBuildFile; fileRef = F51E3EFB161A5FEC00D51926 /* Transformation.cpp */; };
		F54C1E5218F480AC008C5EB3 /* LocationService.cpp in Sources */ = {isa = PBXBuildFile; fileRef = F54C1E4E18F480AC008C5EB3 /* LocationService.cpp */; };
		F54C1E5418F480AC008C5EB3 /* POIService.cpp in Sources */ = {isa = PBXBuildFile; fileRef = F54C1E5018F480AC008C5EB3 /* POIService.cpp */; };
		F54C1E5918F583BA008C5EB3 /* LocationService.cpp in Sources */ = {isa = PBXBuildFile; fileRef = F54C1E4E18F480AC008C5EB3 /* LocationService.cpp */; };
		F54C1E5B18F583BF008C5EB3 /* POIService.cpp in Sources */ = {isa = PBXBuildFile; fileRef = F54C1E5018F480AC008C5EB3 /* POIService.cpp */; };
		F54DAA491815DA6500625DDA /* Area.cpp in Sources */ = {isa = PBXBuildFile; fileRef = F54DAA3F1815DA6500625DDA /* Area.cpp */; };
		F54DAA4B1815DA6500625DDA /* Coord.cpp in Sources */ = {isa = PBXBuildFile; fileRef = F54DAA411815DA6500625DDA /* Coord.cpp */; };
		F54DAA4C1815DA6500625DDA /* CoordDataFile.cpp in Sources */ = {isa = PBXBuildFile; fileRef = F54DAA421815DA6500625DDA /* CoordDataFile.cpp */; };
		F54DAA4D1815DA6500625DDA /* DebugDatabase.cpp in Sources */ = {isa = PBXBuildFile; fileRef = F54DAA431815DA6500625DDA /* DebugDatabase.cpp */; };
		F54DAA4E1815DA6500625DDA /* GeoCoord.cpp in Sources */ = {isa = PBXBuildFile; fileRef = F54DAA441815DA6500625DDA /* GeoCoord.cpp */; };
		F54DAA4F1815DA6500625DDA /* OptimizeAreasLowZoom.cpp in Sources */ = {isa = PBXBuildFile; fileRef = F54DAA451815DA6500625DDA /* OptimizeAreasLowZoom.cpp */; };
		F54DAA501815DA6500625DDA /* OptimizeWaysLowZoom.cpp in Sources */ = {isa = PBXBuildFile; fileRef = F54DAA461815DA6500625DDA /* OptimizeWaysLowZoom.cpp */; };
		F54DAA511815DA6500625DDA /* Pixel.cpp in Sources */ = {isa = PBXBuildFile; fileRef = F54DAA471815DA6500625DDA /* Pixel.cpp */; };
		F54DAA521815DA6500625DDA /* SRTM.cpp in Sources */ = {isa = PBXBuildFile; fileRef = F54DAA481815DA6500625DDA /* SRTM.cpp */; };
		F54DAA531815DA7800625DDA /* Area.cpp in Sources */ = {isa = PBXBuildFile; fileRef = F54DAA3F1815DA6500625DDA /* Area.cpp */; };
		F54DAA551815DA8000625DDA /* Coord.cpp in Sources */ = {isa = PBXBuildFile; fileRef = F54DAA411815DA6500625DDA /* Coord.cpp */; };
		F54DAA561815DA8600625DDA /* CoordDataFile.cpp in Sources */ = {isa = PBXBuildFile; fileRef = F54DAA421815DA6500625DDA /* CoordDataFile.cpp */; };
		F54DAA571815DA8900625DDA /* DebugDatabase.cpp in Sources */ = {isa = PBXBuildFile; fileRef = F54DAA431815DA6500625DDA /* DebugDatabase.cpp */; };
		F54DAA581815DA8D00625DDA /* GeoCoord.cpp in Sources */ = {isa = PBXBuildFile; fileRef = F54DAA441815DA6500625DDA /* GeoCoord.cpp */; };
		F54DAA591815DA9000625DDA /* OptimizeAreasLowZoom.cpp in Sources */ = {isa = PBXBuildFile; fileRef = F54DAA451815DA6500625DDA /* OptimizeAreasLowZoom.cpp */; };
		F54DAA5A1815DA9400625DDA /* OptimizeWaysLowZoom.cpp in Sources */ = {isa = PBXBuildFile; fileRef = F54DAA461815DA6500625DDA /* OptimizeWaysLowZoom.cpp */; };
		F54DAA5B1815DA9700625DDA /* Pixel.cpp in Sources */ = {isa = PBXBuildFile; fileRef = F54DAA471815DA6500625DDA /* Pixel.cpp */; };
		F54DAA5C1815DA9A00625DDA /* SRTM.cpp in Sources */ = {isa = PBXBuildFile; fileRef = F54DAA481815DA6500625DDA /* SRTM.cpp */; };
		F54DAA5F1815DAFB00625DDA /* NodeUseMap.cpp in Sources */ = {isa = PBXBuildFile; fileRef = F54DAA5D1815DAFB00625DDA /* NodeUseMap.cpp */; };
		F54DAA601815DAFB00625DDA /* NodeUseMap.cpp in Sources */ = {isa = PBXBuildFile; fileRef = F54DAA5D1815DAFB00625DDA /* NodeUseMap.cpp */; };
		F54DAA6E1815DB3F00625DDA /* Area.h in Headers */ = {isa = PBXBuildFile; fileRef = F54DAA631815DB3F00625DDA /* Area.h */; };
		F54DAA6F1815DB3F00625DDA /* AreaDataFile.h in Headers */ = {isa = PBXBuildFile; fileRef = F54DAA641815DB3F00625DDA /* AreaDataFile.h */; };
		F54DAA711815DB3F00625DDA /* Coord.h in Headers */ = {isa = PBXBuildFile; fileRef = F54DAA661815DB3F00625DDA /* Coord.h */; };
		F54DAA721815DB3F00625DDA /* CoordDataFile.h in Headers */ = {isa = PBXBuildFile; fileRef = F54DAA671815DB3F00625DDA /* CoordDataFile.h */; };
		F54DAA731815DB3F00625DDA /* DebugDatabase.h in Headers */ = {isa = PBXBuildFile; fileRef = F54DAA681815DB3F00625DDA /* DebugDatabase.h */; };
		F54DAA741815DB3F00625DDA /* GeoCoord.h in Headers */ = {isa = PBXBuildFile; fileRef = F54DAA691815DB3F00625DDA /* GeoCoord.h */; };
		F54DAA751815DB3F00625DDA /* OptimizeAreasLowZoom.h in Headers */ = {isa = PBXBuildFile; fileRef = F54DAA6A1815DB3F00625DDA /* OptimizeAreasLowZoom.h */; };
		F54DAA761815DB3F00625DDA /* OptimizeWaysLowZoom.h in Headers */ = {isa = PBXBuildFile; fileRef = F54DAA6B1815DB3F00625DDA /* OptimizeWaysLowZoom.h */; };
		F54DAA771815DB3F00625DDA /* Pixel.h in Headers */ = {isa = PBXBuildFile; fileRef = F54DAA6C1815DB3F00625DDA /* Pixel.h */; };
		F54DAA781815DB3F00625DDA /* SRTM.h in Headers */ = {isa = PBXBuildFile; fileRef = F54DAA6D1815DB3F00625DDA /* SRTM.h */; };
		F54DAA7B1815DB7D00625DDA /* NodeUseMap.h in Headers */ = {isa = PBXBuildFile; fileRef = F54DAA791815DB7D00625DDA /* NodeUseMap.h */; };
		F54FD00C186596AD000E8579 /* LocationIndex.cpp in Sources */ = {isa = PBXBuildFile; fileRef = F54FD00B186596AD000E8579 /* LocationIndex.cpp */; };
		F54FD00D186596AD000E8579 /* LocationIndex.cpp in Sources */ = {isa = PBXBuildFile; fileRef = F54FD00B186596AD000E8579 /* LocationIndex.cpp */; };
		F556EFFE19C6E36700EAAA8B /* NodeDataFile.cpp in Sources */ = {isa = PBXBuildFile; fileRef = F556EFFC19C6E36700EAAA8B /* NodeDataFile.cpp */; };
		F556EFFF19C6E36700EAAA8B /* NodeDataFile.cpp in Sources */ = {isa = PBXBuildFile; fileRef = F556EFFC19C6E36700EAAA8B /* NodeDataFile.cpp */; };
		F556F00019C6E36700EAAA8B /* TypeFeatures.cpp in Sources */ = {isa = PBXBuildFile; fileRef = F556EFFD19C6E36700EAAA8B /* TypeFeatures.cpp */; };
		F556F00119C6E36700EAAA8B /* TypeFeatures.cpp in Sources */ = {isa = PBXBuildFile; fileRef = F556EFFD19C6E36700EAAA8B /* TypeFeatures.cpp */; };
		F556F00319C9D00700EAAA8B /* TypeFeatures.h in Headers */ = {isa = PBXBuildFile; fileRef = F556F00219C9D00700EAAA8B /* TypeFeatures.h */; };
		F55A3ACE1A45E57A0010005B /* Tiling.cpp in Sources */ = {isa = PBXBuildFile; fileRef = F55A3ACD1A45E57A0010005B /* Tiling.cpp */; };
		F55A3ACF1A45E57A0010005B /* Tiling.cpp in Sources */ = {isa = PBXBuildFile; fileRef = F55A3ACD1A45E57A0010005B /* Tiling.cpp */; };
		F56129AE1C5FEBEE00EA29EA /* AreaDataFile.cpp in Sources */ = {isa = PBXBuildFile; fileRef = F56129AC1C5FEBEE00EA29EA /* AreaDataFile.cpp */; };
		F56129AF1C5FEBEE00EA29EA /* WayDataFile.cpp in Sources */ = {isa = PBXBuildFile; fileRef = F56129AD1C5FEBEE00EA29EA /* WayDataFile.cpp */; };
		F56129B41C5FECB200EA29EA /* MemoryMonitor.cpp in Sources */ = {isa = PBXBuildFile; fileRef = F56129B21C5FECB200EA29EA /* MemoryMonitor.cpp */; };
		F56129B51C5FECB200EA29EA /* WorkQueue.cpp in Sources */ = {isa = PBXBuildFile; fileRef = F56129B31C5FECB200EA29EA /* WorkQueue.cpp */; };
		F57B4946169341C7008E1B2C /* Magnification.cpp in Sources */ = {isa = PBXBuildFile; fileRef = F57B4945169341C7008E1B2C /* Magnification.cpp */; };
		F57B4947169343BC008E1B2C /* Magnification.cpp in Sources */ = {isa = PBXBuildFile; fileRef = F57B4945169341C7008E1B2C /* Magnification.cpp */; };
		F583993E1AF6E19B00F79DFF /* GeoBox.cpp in Sources */ = {isa = PBXBuildFile; fileRef = F583993C1AF6E19B00F79DFF /* GeoBox.cpp */; };
		F583993F1AF6E19B00F79DFF /* GeoBox.cpp in Sources */ = {isa = PBXBuildFile; fileRef = F583993C1AF6E19B00F79DFF /* GeoBox.cpp */; };
		F58399401AF6E19B00F79DFF /* Logger.cpp in Sources */ = {isa = PBXBuildFile; fileRef = F583993D1AF6E19B00F79DFF /* Logger.cpp */; };
		F58399411AF6E19B00F79DFF /* Logger.cpp in Sources */ = {isa = PBXBuildFile; fileRef = F583993D1AF6E19B00F79DFF /* Logger.cpp */; };
		F58399451AF6E1C400F79DFF /* GeoBox.h in Headers */ = {isa = PBXBuildFile; fileRef = F58399421AF6E1C400F79DFF /* GeoBox.h */; };
		F58399461AF6E1C400F79DFF /* Logger.h in Headers */ = {isa = PBXBuildFile; fileRef = F58399431AF6E1C400F79DFF /* Logger.h */; };
		F58399471AF6E1C400F79DFF /* Tiling.h in Headers */ = {isa = PBXBuildFile; fileRef = F58399441AF6E1C400F79DFF /* Tiling.h */; };
		F5B6E3161C046F1500A3EC39 /* Exception.cpp in Sources */ = {isa = PBXBuildFile; fileRef = F5B6E3151C046F1500A3EC39 /* Exception.cpp */; };
		F5CA00151B9FB524003B0EF6 /* Parsing.cpp in Sources */ = {isa = PBXBuildFile; fileRef = F5CA00141B9FB524003B0EF6 /* Parsing.cpp */; };
		F5CA00161B9FB604003B0EF6 /* Parsing.cpp in Sources */ = {isa = PBXBuildFile; fileRef = F5CA00141B9FB524003B0EF6 /* Parsing.cpp */; };
/* End PBXBuildFile section */

/* Begin PBXCopyFilesBuildPhase section */
		F51E3E9D161A5F4000D51926 /* CopyFiles */ = {
			isa = PBXCopyFilesBuildPhase;
			buildActionMask = 2147483647;
			dstPath = "include/${PRODUCT_NAME}";
			dstSubfolderSpec = 16;
			files = (
			);
			runOnlyForDeploymentPostprocessing = 0;
		};
/* End PBXCopyFilesBuildPhase section */

/* Begin PBXFileReference section */
		4DD803291DEEE12F0054A504 /* BoundingBoxDataFile.h */ = {isa = PBXFileReference; fileEncoding = 4; lastKnownFileType = sourcecode.c.h; path = BoundingBoxDataFile.h; sourceTree = "<group>"; };
		4DD8032A1DEEE12F0054A504 /* ObjectVariantDataFile.h */ = {isa = PBXFileReference; fileEncoding = 4; lastKnownFileType = sourcecode.c.h; path = ObjectVariantDataFile.h; sourceTree = "<group>"; };
		4DD8032B1DEEE12F0054A504 /* TypeDistributionDataFile.h */ = {isa = PBXFileReference; fileEncoding = 4; lastKnownFileType = sourcecode.c.h; path = TypeDistributionDataFile.h; sourceTree = "<group>"; };
		4DD8032C1DEEE15C0054A504 /* BoundingBoxDataFile.cpp */ = {isa = PBXFileReference; fileEncoding = 4; lastKnownFileType = sourcecode.cpp.cpp; name = BoundingBoxDataFile.cpp; path = ../../../../libosmscout/src/osmscout/BoundingBoxDataFile.cpp; sourceTree = "<group>"; };
		4DD8032D1DEEE15C0054A504 /* ObjectVariantDataFile.cpp */ = {isa = PBXFileReference; fileEncoding = 4; lastKnownFileType = sourcecode.cpp.cpp; name = ObjectVariantDataFile.cpp; path = ../../../../libosmscout/src/osmscout/ObjectVariantDataFile.cpp; sourceTree = "<group>"; };
		4DD8032E1DEEE15C0054A504 /* TypeDistributionDataFile.cpp */ = {isa = PBXFileReference; fileEncoding = 4; lastKnownFileType = sourcecode.cpp.cpp; name = TypeDistributionDataFile.cpp; path = ../../../../libosmscout/src/osmscout/TypeDistributionDataFile.cpp; sourceTree = "<group>"; };
		E5429DF91F01A57B00839A60 /* BasemapDatabase.cpp */ = {isa = PBXFileReference; fileEncoding = 4; lastKnownFileType = sourcecode.cpp.cpp; name = BasemapDatabase.cpp; path = ../../../../libosmscout/src/osmscout/BasemapDatabase.cpp; sourceTree = "<group>"; };
		E5429DFB1F01A59400839A60 /* BasemapDatabase.h */ = {isa = PBXFileReference; fileEncoding = 4; lastKnownFileType = sourcecode.c.h; path = BasemapDatabase.h; sourceTree = "<group>"; };
		E55CFD831F2FA9F9004AAA59 /* AbstractRoutingService.cpp */ = {isa = PBXFileReference; fileEncoding = 4; lastKnownFileType = sourcecode.cpp.cpp; name = AbstractRoutingService.cpp; path = ../../../../libosmscout/src/osmscout/routing/AbstractRoutingService.cpp; sourceTree = "<group>"; };
		E55CFD841F2FA9F9004AAA59 /* MultiDBRoutingService.cpp */ = {isa = PBXFileReference; fileEncoding = 4; lastKnownFileType = sourcecode.cpp.cpp; name = MultiDBRoutingService.cpp; path = ../../../../libosmscout/src/osmscout/routing/MultiDBRoutingService.cpp; sourceTree = "<group>"; };
		E55CFD851F2FA9F9004AAA59 /* MultiDBRoutingState.cpp */ = {isa = PBXFileReference; fileEncoding = 4; lastKnownFileType = sourcecode.cpp.cpp; name = MultiDBRoutingState.cpp; path = ../../../../libosmscout/src/osmscout/routing/MultiDBRoutingState.cpp; sourceTree = "<group>"; };
		E55CFD861F2FA9F9004AAA59 /* Route.cpp */ = {isa = PBXFileReference; fileEncoding = 4; lastKnownFileType = sourcecode.cpp.cpp; name = Route.cpp; path = ../../../../libosmscout/src/osmscout/routing/Route.cpp; sourceTree = "<group>"; };
		E55CFD871F2FA9F9004AAA59 /* RouteData.cpp */ = {isa = PBXFileReference; fileEncoding = 4; lastKnownFileType = sourcecode.cpp.cpp; name = RouteData.cpp; path = ../../../../libosmscout/src/osmscout/routing/RouteData.cpp; sourceTree = "<group>"; };
		E55CFD881F2FA9F9004AAA59 /* RouteNode.cpp */ = {isa = PBXFileReference; fileEncoding = 4; lastKnownFileType = sourcecode.cpp.cpp; name = RouteNode.cpp; path = ../../../../libosmscout/src/osmscout/routing/RouteNode.cpp; sourceTree = "<group>"; };
		E55CFD891F2FA9F9004AAA59 /* RoutePostprocessor.cpp */ = {isa = PBXFileReference; fileEncoding = 4; lastKnownFileType = sourcecode.cpp.cpp; name = RoutePostprocessor.cpp; path = ../../../../libosmscout/src/osmscout/routing/RoutePostprocessor.cpp; sourceTree = "<group>"; };
		E55CFD8A1F2FA9F9004AAA59 /* RoutingProfile.cpp */ = {isa = PBXFileReference; fileEncoding = 4; lastKnownFileType = sourcecode.cpp.cpp; name = RoutingProfile.cpp; path = ../../../../libosmscout/src/osmscout/routing/RoutingProfile.cpp; sourceTree = "<group>"; };
		E55CFD8B1F2FA9F9004AAA59 /* RoutingService.cpp */ = {isa = PBXFileReference; fileEncoding = 4; lastKnownFileType = sourcecode.cpp.cpp; name = RoutingService.cpp; path = ../../../../libosmscout/src/osmscout/routing/RoutingService.cpp; sourceTree = "<group>"; };
		E55CFD8C1F2FA9F9004AAA59 /* SimpleRoutingService.cpp */ = {isa = PBXFileReference; fileEncoding = 4; lastKnownFileType = sourcecode.cpp.cpp; name = SimpleRoutingService.cpp; path = ../../../../libosmscout/src/osmscout/routing/SimpleRoutingService.cpp; sourceTree = "<group>"; };
		E55CFD8D1F2FA9F9004AAA59 /* TurnRestriction.cpp */ = {isa = PBXFileReference; fileEncoding = 4; lastKnownFileType = sourcecode.cpp.cpp; name = TurnRestriction.cpp; path = ../../../../libosmscout/src/osmscout/routing/TurnRestriction.cpp; sourceTree = "<group>"; };
		E55CFD991F2FAA36004AAA59 /* CmdLineParsing.cpp */ = {isa = PBXFileReference; fileEncoding = 4; lastKnownFileType = sourcecode.cpp.cpp; path = CmdLineParsing.cpp; sourceTree = "<group>"; };
		E55CFD9A1F2FAA36004AAA59 /* HTMLWriter.cpp */ = {isa = PBXFileReference; fileEncoding = 4; lastKnownFileType = sourcecode.cpp.cpp; path = HTMLWriter.cpp; sourceTree = "<group>"; };
		E55CFD9B1F2FAA36004AAA59 /* TagErrorReporter.cpp */ = {isa = PBXFileReference; fileEncoding = 4; lastKnownFileType = sourcecode.cpp.cpp; path = TagErrorReporter.cpp; sourceTree = "<group>"; };
		E55CFDA01F2FAA82004AAA59 /* AbstractRoutingService.h */ = {isa = PBXFileReference; fileEncoding = 4; lastKnownFileType = sourcecode.c.h; name = AbstractRoutingService.h; path = routing/AbstractRoutingService.h; sourceTree = "<group>"; };
		E55CFDA11F2FAA82004AAA59 /* DBFileOffset.h */ = {isa = PBXFileReference; fileEncoding = 4; lastKnownFileType = sourcecode.c.h; name = DBFileOffset.h; path = routing/DBFileOffset.h; sourceTree = "<group>"; };
		E55CFDA21F2FAA82004AAA59 /* MultiDBRoutingService.h */ = {isa = PBXFileReference; fileEncoding = 4; lastKnownFileType = sourcecode.c.h; name = MultiDBRoutingService.h; path = routing/MultiDBRoutingService.h; sourceTree = "<group>"; };
		E55CFDA31F2FAA82004AAA59 /* MultiDBRoutingState.h */ = {isa = PBXFileReference; fileEncoding = 4; lastKnownFileType = sourcecode.c.h; name = MultiDBRoutingState.h; path = routing/MultiDBRoutingState.h; sourceTree = "<group>"; };
		E55CFDA41F2FAA82004AAA59 /* Route.h */ = {isa = PBXFileReference; fileEncoding = 4; lastKnownFileType = sourcecode.c.h; name = Route.h; path = routing/Route.h; sourceTree = "<group>"; };
		E55CFDA51F2FAA82004AAA59 /* RouteData.h */ = {isa = PBXFileReference; fileEncoding = 4; lastKnownFileType = sourcecode.c.h; name = RouteData.h; path = routing/RouteData.h; sourceTree = "<group>"; };
		E55CFDA61F2FAA82004AAA59 /* RouteNode.h */ = {isa = PBXFileReference; fileEncoding = 4; lastKnownFileType = sourcecode.c.h; name = RouteNode.h; path = routing/RouteNode.h; sourceTree = "<group>"; };
		E55CFDA71F2FAA82004AAA59 /* RoutePostprocessor.h */ = {isa = PBXFileReference; fileEncoding = 4; lastKnownFileType = sourcecode.c.h; name = RoutePostprocessor.h; path = routing/RoutePostprocessor.h; sourceTree = "<group>"; };
		E55CFDA81F2FAA82004AAA59 /* RoutingProfile.h */ = {isa = PBXFileReference; fileEncoding = 4; lastKnownFileType = sourcecode.c.h; name = RoutingProfile.h; path = routing/RoutingProfile.h; sourceTree = "<group>"; };
		E55CFDA91F2FAA82004AAA59 /* RoutingService.h */ = {isa = PBXFileReference; fileEncoding = 4; lastKnownFileType = sourcecode.c.h; name = RoutingService.h; path = routing/RoutingService.h; sourceTree = "<group>"; };
		E55CFDAA1F2FAA82004AAA59 /* SimpleRoutingService.h */ = {isa = PBXFileReference; fileEncoding = 4; lastKnownFileType = sourcecode.c.h; name = SimpleRoutingService.h; path = routing/SimpleRoutingService.h; sourceTree = "<group>"; };
		E55CFDAB1F2FAA82004AAA59 /* TurnRestriction.h */ = {isa = PBXFileReference; fileEncoding = 4; lastKnownFileType = sourcecode.c.h; name = TurnRestriction.h; path = routing/TurnRestriction.h; sourceTree = "<group>"; };
		F51E3E9F161A5F4000D51926 /* libosmscout.a */ = {isa = PBXFileReference; explicitFileType = archive.ar; includeInIndex = 0; path = libosmscout.a; sourceTree = BUILT_PRODUCTS_DIR; };
		F51E3EA2161A5F4000D51926 /* Foundation.framework */ = {isa = PBXFileReference; lastKnownFileType = wrapper.framework; name = Foundation.framework; path = System/Library/Frameworks/Foundation.framework; sourceTree = SDKROOT; };
		F51E3EB3161A5FEC00D51926 /* AreaAreaIndex.cpp */ = {isa = PBXFileReference; fileEncoding = 4; lastKnownFileType = sourcecode.cpp.cpp; name = AreaAreaIndex.cpp; path = ../../../../libosmscout/src/osmscout/AreaAreaIndex.cpp; sourceTree = "<group>"; };
		F51E3EB4161A5FEC00D51926 /* AreaNodeIndex.cpp */ = {isa = PBXFileReference; fileEncoding = 4; lastKnownFileType = sourcecode.cpp.cpp; name = AreaNodeIndex.cpp; path = ../../../../libosmscout/src/osmscout/AreaNodeIndex.cpp; sourceTree = "<group>"; };
		F51E3EB5161A5FEC00D51926 /* AreaWayIndex.cpp */ = {isa = PBXFileReference; fileEncoding = 4; lastKnownFileType = sourcecode.cpp.cpp; name = AreaWayIndex.cpp; path = ../../../../libosmscout/src/osmscout/AreaWayIndex.cpp; sourceTree = "<group>"; };
		F51E3EB7161A5FEC00D51926 /* Database.cpp */ = {isa = PBXFileReference; fileEncoding = 4; lastKnownFileType = sourcecode.cpp.cpp; name = Database.cpp; path = ../../../../libosmscout/src/osmscout/Database.cpp; sourceTree = "<group>"; };
		F51E3EB8161A5FEC00D51926 /* GroundTile.cpp */ = {isa = PBXFileReference; fileEncoding = 4; lastKnownFileType = sourcecode.cpp.cpp; name = GroundTile.cpp; path = ../../../../libosmscout/src/osmscout/GroundTile.cpp; sourceTree = "<group>"; };
		F51E3EB9161A5FEC00D51926 /* Location.cpp */ = {isa = PBXFileReference; fileEncoding = 4; lastKnownFileType = sourcecode.cpp.cpp; name = Location.cpp; path = ../../../../libosmscout/src/osmscout/Location.cpp; sourceTree = "<group>"; };
		F51E3EBA161A5FEC00D51926 /* Node.cpp */ = {isa = PBXFileReference; fileEncoding = 4; lastKnownFileType = sourcecode.cpp.cpp; name = Node.cpp; path = ../../../../libosmscout/src/osmscout/Node.cpp; sourceTree = "<group>"; };
		F51E3EBB161A5FEC00D51926 /* NumericIndex.cpp */ = {isa = PBXFileReference; fileEncoding = 4; lastKnownFileType = sourcecode.cpp.cpp; name = NumericIndex.cpp; path = ../../../../libosmscout/src/osmscout/NumericIndex.cpp; sourceTree = "<group>"; };
		F51E3EBC161A5FEC00D51926 /* ObjectRef.cpp */ = {isa = PBXFileReference; fileEncoding = 4; lastKnownFileType = sourcecode.cpp.cpp; name = ObjectRef.cpp; path = ../../../../libosmscout/src/osmscout/ObjectRef.cpp; sourceTree = "<group>"; };
		F51E3EC2161A5FEC00D51926 /* Parser.cpp */ = {isa = PBXFileReference; fileEncoding = 4; lastKnownFileType = sourcecode.cpp.cpp; path = Parser.cpp; sourceTree = "<group>"; };
		F51E3EC3161A5FEC00D51926 /* Scanner.cpp */ = {isa = PBXFileReference; fileEncoding = 4; lastKnownFileType = sourcecode.cpp.cpp; path = Scanner.cpp; sourceTree = "<group>"; };
		F51E3EC4161A5FEC00D51926 /* Path.cpp */ = {isa = PBXFileReference; fileEncoding = 4; lastKnownFileType = sourcecode.cpp.cpp; name = Path.cpp; path = ../../../../libosmscout/src/osmscout/Path.cpp; sourceTree = "<group>"; };
		F51E3EC5161A5FEC00D51926 /* Point.cpp */ = {isa = PBXFileReference; fileEncoding = 4; lastKnownFileType = sourcecode.cpp.cpp; name = Point.cpp; path = ../../../../libosmscout/src/osmscout/Point.cpp; sourceTree = "<group>"; };
		F51E3ED1161A5FEC00D51926 /* SSEMath.cpp */ = {isa = PBXFileReference; fileEncoding = 4; lastKnownFileType = sourcecode.cpp.cpp; path = SSEMath.cpp; sourceTree = "<group>"; };
		F51E3ED2161A5FEC00D51926 /* Tag.cpp */ = {isa = PBXFileReference; fileEncoding = 4; lastKnownFileType = sourcecode.cpp.cpp; name = Tag.cpp; path = ../../../../libosmscout/src/osmscout/Tag.cpp; sourceTree = "<group>"; };
		F51E3ED4161A5FEC00D51926 /* TypeConfig.cpp */ = {isa = PBXFileReference; fileEncoding = 4; lastKnownFileType = sourcecode.cpp.cpp; name = TypeConfig.cpp; path = ../../../../libosmscout/src/osmscout/TypeConfig.cpp; sourceTree = "<group>"; };
		F51E3ED6161A5FEC00D51926 /* Types.cpp */ = {isa = PBXFileReference; fileEncoding = 4; lastKnownFileType = sourcecode.cpp.cpp; name = Types.cpp; path = ../../../../libosmscout/src/osmscout/Types.cpp; sourceTree = "<group>"; };
		F51E3EEB161A5FEC00D51926 /* Breaker.cpp */ = {isa = PBXFileReference; fileEncoding = 4; lastKnownFileType = sourcecode.cpp.cpp; path = Breaker.cpp; sourceTree = "<group>"; };
		F51E3EEC161A5FEC00D51926 /* Cache.cpp */ = {isa = PBXFileReference; fileEncoding = 4; lastKnownFileType = sourcecode.cpp.cpp; path = Cache.cpp; sourceTree = "<group>"; };
		F51E3EED161A5FEC00D51926 /* Color.cpp */ = {isa = PBXFileReference; fileEncoding = 4; lastKnownFileType = sourcecode.cpp.cpp; path = Color.cpp; sourceTree = "<group>"; };
		F51E3EEE161A5FEC00D51926 /* File.cpp */ = {isa = PBXFileReference; fileEncoding = 4; lastKnownFileType = sourcecode.cpp.cpp; path = File.cpp; sourceTree = "<group>"; };
		F51E3EEF161A5FEC00D51926 /* FileScanner.cpp */ = {isa = PBXFileReference; fileEncoding = 4; lastKnownFileType = sourcecode.cpp.cpp; path = FileScanner.cpp; sourceTree = "<group>"; };
		F51E3EF0161A5FEC00D51926 /* FileWriter.cpp */ = {isa = PBXFileReference; fileEncoding = 4; lastKnownFileType = sourcecode.cpp.cpp; path = FileWriter.cpp; sourceTree = "<group>"; };
		F51E3EF1161A5FEC00D51926 /* Geometry.cpp */ = {isa = PBXFileReference; fileEncoding = 4; lastKnownFileType = sourcecode.cpp.cpp; path = Geometry.cpp; sourceTree = "<group>"; };
		F51E3EF4161A5FEC00D51926 /* Number.cpp */ = {isa = PBXFileReference; fileEncoding = 4; lastKnownFileType = sourcecode.cpp.cpp; path = Number.cpp; sourceTree = "<group>"; };
		F51E3EF5161A5FEC00D51926 /* NumberSet.cpp */ = {isa = PBXFileReference; fileEncoding = 4; lastKnownFileType = sourcecode.cpp.cpp; path = NumberSet.cpp; sourceTree = "<group>"; };
		F51E3EF6161A5FEC00D51926 /* Progress.cpp */ = {isa = PBXFileReference; fileEncoding = 4; lastKnownFileType = sourcecode.cpp.cpp; path = Progress.cpp; sourceTree = "<group>"; };
		F51E3EF7161A5FEC00D51926 /* Projection.cpp */ = {isa = PBXFileReference; fileEncoding = 4; lastKnownFileType = sourcecode.cpp.cpp; path = Projection.cpp; sourceTree = "<group>"; };
		F51E3EF9161A5FEC00D51926 /* StopClock.cpp */ = {isa = PBXFileReference; fileEncoding = 4; lastKnownFileType = sourcecode.cpp.cpp; path = StopClock.cpp; sourceTree = "<group>"; };
		F51E3EFA161A5FEC00D51926 /* String.cpp */ = {isa = PBXFileReference; fileEncoding = 4; lastKnownFileType = sourcecode.cpp.cpp; path = String.cpp; sourceTree = "<group>"; };
		F51E3EFB161A5FEC00D51926 /* Transformation.cpp */ = {isa = PBXFileReference; fileEncoding = 4; lastKnownFileType = sourcecode.cpp.cpp; path = Transformation.cpp; sourceTree = "<group>"; };
		F51E3EFC161A5FEC00D51926 /* WaterIndex.cpp */ = {isa = PBXFileReference; fileEncoding = 4; lastKnownFileType = sourcecode.cpp.cpp; name = WaterIndex.cpp; path = ../../../../libosmscout/src/osmscout/WaterIndex.cpp; sourceTree = "<group>"; };
		F51E3EFD161A5FEC00D51926 /* Way.cpp */ = {isa = PBXFileReference; fileEncoding = 4; lastKnownFileType = sourcecode.cpp.cpp; name = Way.cpp; path = ../../../../libosmscout/src/osmscout/Way.cpp; sourceTree = "<group>"; };
		F51E3F32161A604300D51926 /* AreaAreaIndex.h */ = {isa = PBXFileReference; fileEncoding = 4; lastKnownFileType = sourcecode.c.h; path = AreaAreaIndex.h; sourceTree = "<group>"; };
		F51E3F33161A604300D51926 /* AreaNodeIndex.h */ = {isa = PBXFileReference; fileEncoding = 4; lastKnownFileType = sourcecode.c.h; path = AreaNodeIndex.h; sourceTree = "<group>"; };
		F51E3F34161A604300D51926 /* AreaWayIndex.h */ = {isa = PBXFileReference; fileEncoding = 4; lastKnownFileType = sourcecode.c.h; path = AreaWayIndex.h; sourceTree = "<group>"; };
		F51E3F38161A604300D51926 /* Database.h */ = {isa = PBXFileReference; fileEncoding = 4; lastKnownFileType = sourcecode.c.h; path = Database.h; sourceTree = "<group>"; };
		F51E3F39161A604300D51926 /* DataFile.h */ = {isa = PBXFileReference; fileEncoding = 4; lastKnownFileType = sourcecode.c.h; path = DataFile.h; sourceTree = "<group>"; };
		F51E3F3A161A604300D51926 /* GroundTile.h */ = {isa = PBXFileReference; fileEncoding = 4; lastKnownFileType = sourcecode.c.h; path = GroundTile.h; sourceTree = "<group>"; };
		F51E3F3B161A604300D51926 /* Location.h */ = {isa = PBXFileReference; fileEncoding = 4; lastKnownFileType = sourcecode.c.h; path = Location.h; sourceTree = "<group>"; };
		F51E3F3C161A604300D51926 /* Node.h */ = {isa = PBXFileReference; fileEncoding = 4; lastKnownFileType = sourcecode.c.h; path = Node.h; sourceTree = "<group>"; };
		F51E3F3D161A604300D51926 /* NodeDataFile.h */ = {isa = PBXFileReference; fileEncoding = 4; lastKnownFileType = sourcecode.c.h; path = NodeDataFile.h; sourceTree = "<group>"; };
		F51E3F3E161A604300D51926 /* NumericIndex.h */ = {isa = PBXFileReference; fileEncoding = 4; lastKnownFileType = sourcecode.c.h; path = NumericIndex.h; sourceTree = "<group>"; };
		F51E3F3F161A604300D51926 /* ObjectRef.h */ = {isa = PBXFileReference; fileEncoding = 4; lastKnownFileType = sourcecode.c.h; path = ObjectRef.h; sourceTree = "<group>"; };
		F51E3F42161A604300D51926 /* Parser.h */ = {isa = PBXFileReference; fileEncoding = 4; lastKnownFileType = sourcecode.c.h; path = Parser.h; sourceTree = "<group>"; };
		F51E3F43161A604300D51926 /* Scanner.h */ = {isa = PBXFileReference; fileEncoding = 4; lastKnownFileType = sourcecode.c.h; path = Scanner.h; sourceTree = "<group>"; };
		F51E3F44161A604300D51926 /* Path.h */ = {isa = PBXFileReference; fileEncoding = 4; lastKnownFileType = sourcecode.c.h; path = Path.h; sourceTree = "<group>"; };
		F51E3F45161A604300D51926 /* Point.h */ = {isa = PBXFileReference; fileEncoding = 4; lastKnownFileType = sourcecode.c.h; path = Point.h; sourceTree = "<group>"; };
		F51E3F4A161A604300D51926 /* CoreImportExport.h */ = {isa = PBXFileReference; fileEncoding = 4; lastKnownFileType = sourcecode.c.h; path = CoreImportExport.h; sourceTree = "<group>"; };
		F51E3F58161A604300D51926 /* SSEMath.h */ = {isa = PBXFileReference; fileEncoding = 4; lastKnownFileType = sourcecode.c.h; path = SSEMath.h; sourceTree = "<group>"; };
		F51E3F59161A604300D51926 /* SSEMathPublic.h */ = {isa = PBXFileReference; fileEncoding = 4; lastKnownFileType = sourcecode.c.h; path = SSEMathPublic.h; sourceTree = "<group>"; };
		F51E3F5A161A604300D51926 /* Types.h */ = {isa = PBXFileReference; fileEncoding = 4; lastKnownFileType = sourcecode.c.h; path = Types.h; sourceTree = "<group>"; };
		F51E3F5B161A604300D51926 /* Tag.h */ = {isa = PBXFileReference; fileEncoding = 4; lastKnownFileType = sourcecode.c.h; path = Tag.h; sourceTree = "<group>"; };
		F51E3F5D161A604300D51926 /* TypeConfig.h */ = {isa = PBXFileReference; fileEncoding = 4; lastKnownFileType = sourcecode.c.h; path = TypeConfig.h; sourceTree = "<group>"; };
		F51E3F5F161A604300D51926 /* Types.h */ = {isa = PBXFileReference; fileEncoding = 4; lastKnownFileType = sourcecode.c.h; path = Types.h; sourceTree = "<group>"; };
		F51E3F62161A604300D51926 /* Breaker.h */ = {isa = PBXFileReference; fileEncoding = 4; lastKnownFileType = sourcecode.c.h; path = Breaker.h; sourceTree = "<group>"; };
		F51E3F63161A604300D51926 /* Cache.h */ = {isa = PBXFileReference; fileEncoding = 4; lastKnownFileType = sourcecode.c.h; path = Cache.h; sourceTree = "<group>"; };
		F51E3F64161A604300D51926 /* Color.h */ = {isa = PBXFileReference; fileEncoding = 4; lastKnownFileType = sourcecode.c.h; path = Color.h; sourceTree = "<group>"; };
		F51E3F65161A604300D51926 /* File.h */ = {isa = PBXFileReference; fileEncoding = 4; lastKnownFileType = sourcecode.c.h; path = File.h; sourceTree = "<group>"; };
		F51E3F66161A604300D51926 /* FileScanner.h */ = {isa = PBXFileReference; fileEncoding = 4; lastKnownFileType = sourcecode.c.h; path = FileScanner.h; sourceTree = "<group>"; };
		F51E3F67161A604300D51926 /* FileWriter.h */ = {isa = PBXFileReference; fileEncoding = 4; lastKnownFileType = sourcecode.c.h; path = FileWriter.h; sourceTree = "<group>"; };
		F51E3F68161A604300D51926 /* Geometry.h */ = {isa = PBXFileReference; fileEncoding = 4; lastKnownFileType = sourcecode.c.h; path = Geometry.h; sourceTree = "<group>"; };
		F51E3F6B161A604300D51926 /* Number.h */ = {isa = PBXFileReference; fileEncoding = 4; lastKnownFileType = sourcecode.c.h; path = Number.h; sourceTree = "<group>"; };
		F51E3F6C161A604300D51926 /* NumberSet.h */ = {isa = PBXFileReference; fileEncoding = 4; lastKnownFileType = sourcecode.c.h; path = NumberSet.h; sourceTree = "<group>"; };
		F51E3F6D161A604300D51926 /* Progress.h */ = {isa = PBXFileReference; fileEncoding = 4; lastKnownFileType = sourcecode.c.h; path = Progress.h; sourceTree = "<group>"; };
		F51E3F6E161A604300D51926 /* Projection.h */ = {isa = PBXFileReference; fileEncoding = 4; lastKnownFileType = sourcecode.c.h; path = Projection.h; sourceTree = "<group>"; };
		F51E3F70161A604300D51926 /* StopClock.h */ = {isa = PBXFileReference; fileEncoding = 4; lastKnownFileType = sourcecode.c.h; path = StopClock.h; sourceTree = "<group>"; };
		F51E3F71161A604300D51926 /* String.h */ = {isa = PBXFileReference; fileEncoding = 4; lastKnownFileType = sourcecode.c.h; path = String.h; sourceTree = "<group>"; };
		F51E3F72161A604300D51926 /* Transformation.h */ = {isa = PBXFileReference; fileEncoding = 4; lastKnownFileType = sourcecode.c.h; path = Transformation.h; sourceTree = "<group>"; };
		F51E3F73161A604300D51926 /* WaterIndex.h */ = {isa = PBXFileReference; fileEncoding = 4; lastKnownFileType = sourcecode.c.h; path = WaterIndex.h; sourceTree = "<group>"; };
		F51E3F74161A604300D51926 /* Way.h */ = {isa = PBXFileReference; fileEncoding = 4; lastKnownFileType = sourcecode.c.h; path = Way.h; sourceTree = "<group>"; };
		F51E3F75161A604300D51926 /* WayDataFile.h */ = {isa = PBXFileReference; fileEncoding = 4; lastKnownFileType = sourcecode.c.h; path = WayDataFile.h; sourceTree = "<group>"; };
		F534FB9A1823E8BD0039CEE4 /* Intersection.h */ = {isa = PBXFileReference; fileEncoding = 4; lastKnownFileType = sourcecode.c.h; path = Intersection.h; sourceTree = "<group>"; };
		F534FB9C18242F660039CEE4 /* Intersection.cpp */ = {isa = PBXFileReference; fileEncoding = 4; lastKnownFileType = sourcecode.cpp.cpp; name = Intersection.cpp; path = ../../../../libosmscout/src/osmscout/Intersection.cpp; sourceTree = "<group>"; };
		F53BD15816388375006C7AE1 /* libosmscout-OSX.a */ = {isa = PBXFileReference; explicitFileType = archive.ar; includeInIndex = 0; path = "libosmscout-OSX.a"; sourceTree = BUILT_PRODUCTS_DIR; };
		F53BD15916388375006C7AE1 /* Cocoa.framework */ = {isa = PBXFileReference; lastKnownFileType = wrapper.framework; name = Cocoa.framework; path = Library/Frameworks/Cocoa.framework; sourceTree = DEVELOPER_DIR; };
		F53BD15C16388375006C7AE1 /* AppKit.framework */ = {isa = PBXFileReference; lastKnownFileType = wrapper.framework; name = AppKit.framework; path = Library/Frameworks/AppKit.framework; sourceTree = SDKROOT; };
		F53BD15D16388375006C7AE1 /* CoreData.framework */ = {isa = PBXFileReference; lastKnownFileType = wrapper.framework; name = CoreData.framework; path = Library/Frameworks/CoreData.framework; sourceTree = SDKROOT; };
		F53BD15E16388375006C7AE1 /* Foundation.framework */ = {isa = PBXFileReference; lastKnownFileType = wrapper.framework; name = Foundation.framework; path = Library/Frameworks/Foundation.framework; sourceTree = SDKROOT; };
		F54C1E4A18F48070008C5EB3 /* LocationService.h */ = {isa = PBXFileReference; fileEncoding = 4; lastKnownFileType = sourcecode.c.h; path = LocationService.h; sourceTree = "<group>"; };
		F54C1E4C18F48070008C5EB3 /* POIService.h */ = {isa = PBXFileReference; fileEncoding = 4; lastKnownFileType = sourcecode.c.h; path = POIService.h; sourceTree = "<group>"; };
		F54C1E4E18F480AC008C5EB3 /* LocationService.cpp */ = {isa = PBXFileReference; fileEncoding = 4; lastKnownFileType = sourcecode.cpp.cpp; name = LocationService.cpp; path = ../../../../libosmscout/src/osmscout/LocationService.cpp; sourceTree = "<group>"; };
		F54C1E5018F480AC008C5EB3 /* POIService.cpp */ = {isa = PBXFileReference; fileEncoding = 4; lastKnownFileType = sourcecode.cpp.cpp; name = POIService.cpp; path = ../../../../libosmscout/src/osmscout/POIService.cpp; sourceTree = "<group>"; };
		F54DAA3F1815DA6500625DDA /* Area.cpp */ = {isa = PBXFileReference; fileEncoding = 4; lastKnownFileType = sourcecode.cpp.cpp; name = Area.cpp; path = ../../../../libosmscout/src/osmscout/Area.cpp; sourceTree = "<group>"; };
		F54DAA411815DA6500625DDA /* Coord.cpp */ = {isa = PBXFileReference; fileEncoding = 4; lastKnownFileType = sourcecode.cpp.cpp; name = Coord.cpp; path = ../../../../libosmscout/src/osmscout/Coord.cpp; sourceTree = "<group>"; };
		F54DAA421815DA6500625DDA /* CoordDataFile.cpp */ = {isa = PBXFileReference; fileEncoding = 4; lastKnownFileType = sourcecode.cpp.cpp; name = CoordDataFile.cpp; path = ../../../../libosmscout/src/osmscout/CoordDataFile.cpp; sourceTree = "<group>"; };
		F54DAA431815DA6500625DDA /* DebugDatabase.cpp */ = {isa = PBXFileReference; fileEncoding = 4; lastKnownFileType = sourcecode.cpp.cpp; name = DebugDatabase.cpp; path = ../../../../libosmscout/src/osmscout/DebugDatabase.cpp; sourceTree = "<group>"; };
		F54DAA441815DA6500625DDA /* GeoCoord.cpp */ = {isa = PBXFileReference; fileEncoding = 4; lastKnownFileType = sourcecode.cpp.cpp; name = GeoCoord.cpp; path = ../../../../libosmscout/src/osmscout/GeoCoord.cpp; sourceTree = "<group>"; };
		F54DAA451815DA6500625DDA /* OptimizeAreasLowZoom.cpp */ = {isa = PBXFileReference; fileEncoding = 4; lastKnownFileType = sourcecode.cpp.cpp; name = OptimizeAreasLowZoom.cpp; path = ../../../../libosmscout/src/osmscout/OptimizeAreasLowZoom.cpp; sourceTree = "<group>"; };
		F54DAA461815DA6500625DDA /* OptimizeWaysLowZoom.cpp */ = {isa = PBXFileReference; fileEncoding = 4; lastKnownFileType = sourcecode.cpp.cpp; name = OptimizeWaysLowZoom.cpp; path = ../../../../libosmscout/src/osmscout/OptimizeWaysLowZoom.cpp; sourceTree = "<group>"; };
		F54DAA471815DA6500625DDA /* Pixel.cpp */ = {isa = PBXFileReference; fileEncoding = 4; lastKnownFileType = sourcecode.cpp.cpp; name = Pixel.cpp; path = ../../../../libosmscout/src/osmscout/Pixel.cpp; sourceTree = "<group>"; };
		F54DAA481815DA6500625DDA /* SRTM.cpp */ = {isa = PBXFileReference; fileEncoding = 4; lastKnownFileType = sourcecode.cpp.cpp; name = SRTM.cpp; path = ../../../../libosmscout/src/osmscout/SRTM.cpp; sourceTree = "<group>"; };
		F54DAA5D1815DAFB00625DDA /* NodeUseMap.cpp */ = {isa = PBXFileReference; fileEncoding = 4; lastKnownFileType = sourcecode.cpp.cpp; path = NodeUseMap.cpp; sourceTree = "<group>"; };
		F54DAA631815DB3F00625DDA /* Area.h */ = {isa = PBXFileReference; fileEncoding = 4; lastKnownFileType = sourcecode.c.h; path = Area.h; sourceTree = "<group>"; };
		F54DAA641815DB3F00625DDA /* AreaDataFile.h */ = {isa = PBXFileReference; fileEncoding = 4; lastKnownFileType = sourcecode.c.h; path = AreaDataFile.h; sourceTree = "<group>"; };
		F54DAA661815DB3F00625DDA /* Coord.h */ = {isa = PBXFileReference; fileEncoding = 4; lastKnownFileType = sourcecode.c.h; path = Coord.h; sourceTree = "<group>"; };
		F54DAA671815DB3F00625DDA /* CoordDataFile.h */ = {isa = PBXFileReference; fileEncoding = 4; lastKnownFileType = sourcecode.c.h; path = CoordDataFile.h; sourceTree = "<group>"; };
		F54DAA681815DB3F00625DDA /* DebugDatabase.h */ = {isa = PBXFileReference; fileEncoding = 4; lastKnownFileType = sourcecode.c.h; path = DebugDatabase.h; sourceTree = "<group>"; };
		F54DAA691815DB3F00625DDA /* GeoCoord.h */ = {isa = PBXFileReference; fileEncoding = 4; lastKnownFileType = sourcecode.c.h; path = GeoCoord.h; sourceTree = "<group>"; };
		F54DAA6A1815DB3F00625DDA /* OptimizeAreasLowZoom.h */ = {isa = PBXFileReference; fileEncoding = 4; lastKnownFileType = sourcecode.c.h; path = OptimizeAreasLowZoom.h; sourceTree = "<group>"; };
		F54DAA6B1815DB3F00625DDA /* OptimizeWaysLowZoom.h */ = {isa = PBXFileReference; fileEncoding = 4; lastKnownFileType = sourcecode.c.h; path = OptimizeWaysLowZoom.h; sourceTree = "<group>"; };
		F54DAA6C1815DB3F00625DDA /* Pixel.h */ = {isa = PBXFileReference; fileEncoding = 4; lastKnownFileType = sourcecode.c.h; path = Pixel.h; sourceTree = "<group>"; };
		F54DAA6D1815DB3F00625DDA /* SRTM.h */ = {isa = PBXFileReference; fileEncoding = 4; lastKnownFileType = sourcecode.c.h; path = SRTM.h; sourceTree = "<group>"; };
		F54DAA791815DB7D00625DDA /* NodeUseMap.h */ = {isa = PBXFileReference; fileEncoding = 4; lastKnownFileType = sourcecode.c.h; path = NodeUseMap.h; sourceTree = "<group>"; };
		F54FD00B186596AD000E8579 /* LocationIndex.cpp */ = {isa = PBXFileReference; fileEncoding = 4; lastKnownFileType = sourcecode.cpp.cpp; name = LocationIndex.cpp; path = ../../../../libosmscout/src/osmscout/LocationIndex.cpp; sourceTree = "<group>"; };
		F550E56219B085C700CB6072 /* Navigation.h */ = {isa = PBXFileReference; fileEncoding = 4; lastKnownFileType = sourcecode.c.h; path = Navigation.h; sourceTree = "<group>"; };
		F556EFFC19C6E36700EAAA8B /* NodeDataFile.cpp */ = {isa = PBXFileReference; fileEncoding = 4; lastKnownFileType = sourcecode.cpp.cpp; name = NodeDataFile.cpp; path = ../../../../libosmscout/src/osmscout/NodeDataFile.cpp; sourceTree = "<group>"; };
		F556EFFD19C6E36700EAAA8B /* TypeFeatures.cpp */ = {isa = PBXFileReference; fileEncoding = 4; lastKnownFileType = sourcecode.cpp.cpp; name = TypeFeatures.cpp; path = ../../../../libosmscout/src/osmscout/TypeFeatures.cpp; sourceTree = "<group>"; };
		F556F00219C9D00700EAAA8B /* TypeFeatures.h */ = {isa = PBXFileReference; fileEncoding = 4; lastKnownFileType = sourcecode.c.h; path = TypeFeatures.h; sourceTree = "<group>"; };
		F55A3ACD1A45E57A0010005B /* Tiling.cpp */ = {isa = PBXFileReference; fileEncoding = 4; lastKnownFileType = sourcecode.cpp.cpp; name = Tiling.cpp; path = ../../../../libosmscout/src/osmscout/util/Tiling.cpp; sourceTree = "<group>"; };
		F56129AC1C5FEBEE00EA29EA /* AreaDataFile.cpp */ = {isa = PBXFileReference; fileEncoding = 4; lastKnownFileType = sourcecode.cpp.cpp; name = AreaDataFile.cpp; path = ../../../../libosmscout/src/osmscout/AreaDataFile.cpp; sourceTree = "<group>"; };
		F56129AD1C5FEBEE00EA29EA /* WayDataFile.cpp */ = {isa = PBXFileReference; fileEncoding = 4; lastKnownFileType = sourcecode.cpp.cpp; name = WayDataFile.cpp; path = ../../../../libosmscout/src/osmscout/WayDataFile.cpp; sourceTree = "<group>"; };
		F56129B01C5FEC7A00EA29EA /* MemoryMonitor.h */ = {isa = PBXFileReference; fileEncoding = 4; lastKnownFileType = sourcecode.c.h; path = MemoryMonitor.h; sourceTree = "<group>"; };
		F56129B11C5FEC7A00EA29EA /* WorkQueue.h */ = {isa = PBXFileReference; fileEncoding = 4; lastKnownFileType = sourcecode.c.h; path = WorkQueue.h; sourceTree = "<group>"; };
		F56129B21C5FECB200EA29EA /* MemoryMonitor.cpp */ = {isa = PBXFileReference; fileEncoding = 4; lastKnownFileType = sourcecode.cpp.cpp; path = MemoryMonitor.cpp; sourceTree = "<group>"; };
		F56129B31C5FECB200EA29EA /* WorkQueue.cpp */ = {isa = PBXFileReference; fileEncoding = 4; lastKnownFileType = sourcecode.cpp.cpp; path = WorkQueue.cpp; sourceTree = "<group>"; };
		F57B4943169341A3008E1B2C /* Magnification.h */ = {isa = PBXFileReference; fileEncoding = 4; lastKnownFileType = sourcecode.c.h; path = Magnification.h; sourceTree = "<group>"; };
		F57B4945169341C7008E1B2C /* Magnification.cpp */ = {isa = PBXFileReference; fileEncoding = 4; lastKnownFileType = sourcecode.cpp.cpp; path = Magnification.cpp; sourceTree = "<group>"; };
		F583993C1AF6E19B00F79DFF /* GeoBox.cpp */ = {isa = PBXFileReference; fileEncoding = 4; lastKnownFileType = sourcecode.cpp.cpp; path = GeoBox.cpp; sourceTree = "<group>"; };
		F583993D1AF6E19B00F79DFF /* Logger.cpp */ = {isa = PBXFileReference; fileEncoding = 4; lastKnownFileType = sourcecode.cpp.cpp; path = Logger.cpp; sourceTree = "<group>"; };
		F58399421AF6E1C400F79DFF /* GeoBox.h */ = {isa = PBXFileReference; fileEncoding = 4; lastKnownFileType = sourcecode.c.h; path = GeoBox.h; sourceTree = "<group>"; };
		F58399431AF6E1C400F79DFF /* Logger.h */ = {isa = PBXFileReference; fileEncoding = 4; lastKnownFileType = sourcecode.c.h; path = Logger.h; sourceTree = "<group>"; };
		F58399441AF6E1C400F79DFF /* Tiling.h */ = {isa = PBXFileReference; fileEncoding = 4; lastKnownFileType = sourcecode.c.h; path = Tiling.h; sourceTree = "<group>"; };
		F5A66AC71A46F5BF007AD752 /* TextSearchIndex.h */ = {isa = PBXFileReference; fileEncoding = 4; lastKnownFileType = sourcecode.c.h; path = TextSearchIndex.h; sourceTree = "<group>"; };
		F5A66AC81A46F5E7007AD752 /* TextSearchIndex.cpp */ = {isa = PBXFileReference; fileEncoding = 4; lastKnownFileType = sourcecode.cpp.cpp; name = TextSearchIndex.cpp; path = ../../../../libosmscout/src/osmscout/TextSearchIndex.cpp; sourceTree = "<group>"; };
		F5B6E3151C046F1500A3EC39 /* Exception.cpp */ = {isa = PBXFileReference; fileEncoding = 4; lastKnownFileType = sourcecode.cpp.cpp; path = Exception.cpp; sourceTree = "<group>"; };
		F5B6E3171C046F3500A3EC39 /* Exception.h */ = {isa = PBXFileReference; fileEncoding = 4; lastKnownFileType = sourcecode.c.h; path = Exception.h; sourceTree = "<group>"; };
		F5CA00131B9FB4F6003B0EF6 /* Parsing.h */ = {isa = PBXFileReference; fileEncoding = 4; lastKnownFileType = sourcecode.c.h; path = Parsing.h; sourceTree = "<group>"; };
		F5CA00141B9FB524003B0EF6 /* Parsing.cpp */ = {isa = PBXFileReference; fileEncoding = 4; lastKnownFileType = sourcecode.cpp.cpp; path = Parsing.cpp; sourceTree = "<group>"; };
		F5EDD5441891556D00646B92 /* LocationIndex.h */ = {isa = PBXFileReference; fileEncoding = 4; lastKnownFileType = sourcecode.c.h; path = LocationIndex.h; sourceTree = "<group>"; };
		F5EDD545189155AA00646B92 /* CoreFeatures.h */ = {isa = PBXFileReference; fileEncoding = 4; lastKnownFileType = sourcecode.c.h; path = CoreFeatures.h; sourceTree = "<group>"; };
		F5EDD5461891561000646B92 /* Config.h */ = {isa = PBXFileReference; fileEncoding = 4; lastKnownFileType = sourcecode.c.h; path = Config.h; sourceTree = "<group>"; };
/* End PBXFileReference section */

/* Begin PBXFrameworksBuildPhase section */
		F51E3E9C161A5F4000D51926 /* Frameworks */ = {
			isa = PBXFrameworksBuildPhase;
			buildActionMask = 2147483647;
			files = (
				F51E3EA3161A5F4000D51926 /* Foundation.framework in Frameworks */,
			);
			runOnlyForDeploymentPostprocessing = 0;
		};
		F53BD15516388375006C7AE1 /* Frameworks */ = {
			isa = PBXFrameworksBuildPhase;
			buildActionMask = 2147483647;
			files = (
				F53BD15A16388375006C7AE1 /* Cocoa.framework in Frameworks */,
			);
			runOnlyForDeploymentPostprocessing = 0;
		};
/* End PBXFrameworksBuildPhase section */

/* Begin PBXGroup section */
		E55CFD821F2FA9C1004AAA59 /* routing */ = {
			isa = PBXGroup;
			children = (
				E55CFD831F2FA9F9004AAA59 /* AbstractRoutingService.cpp */,
				E55CFD841F2FA9F9004AAA59 /* MultiDBRoutingService.cpp */,
				E55CFD851F2FA9F9004AAA59 /* MultiDBRoutingState.cpp */,
				E55CFD861F2FA9F9004AAA59 /* Route.cpp */,
				E55CFD871F2FA9F9004AAA59 /* RouteData.cpp */,
				E55CFD881F2FA9F9004AAA59 /* RouteNode.cpp */,
				E55CFD891F2FA9F9004AAA59 /* RoutePostprocessor.cpp */,
				E55CFD8A1F2FA9F9004AAA59 /* RoutingProfile.cpp */,
				E55CFD8B1F2FA9F9004AAA59 /* RoutingService.cpp */,
				E55CFD8C1F2FA9F9004AAA59 /* SimpleRoutingService.cpp */,
				E55CFD8D1F2FA9F9004AAA59 /* TurnRestriction.cpp */,
			);
			name = routing;
			sourceTree = "<group>";
		};
		E55CFD9F1F2FAA66004AAA59 /* routing */ = {
			isa = PBXGroup;
			children = (
				E55CFDA01F2FAA82004AAA59 /* AbstractRoutingService.h */,
				E55CFDA11F2FAA82004AAA59 /* DBFileOffset.h */,
				E55CFDA21F2FAA82004AAA59 /* MultiDBRoutingService.h */,
				E55CFDA31F2FAA82004AAA59 /* MultiDBRoutingState.h */,
				E55CFDA41F2FAA82004AAA59 /* Route.h */,
				E55CFDA51F2FAA82004AAA59 /* RouteData.h */,
				E55CFDA61F2FAA82004AAA59 /* RouteNode.h */,
				E55CFDA71F2FAA82004AAA59 /* RoutePostprocessor.h */,
				E55CFDA81F2FAA82004AAA59 /* RoutingProfile.h */,
				E55CFDA91F2FAA82004AAA59 /* RoutingService.h */,
				E55CFDAA1F2FAA82004AAA59 /* SimpleRoutingService.h */,
				E55CFDAB1F2FAA82004AAA59 /* TurnRestriction.h */,
			);
			name = routing;
			sourceTree = "<group>";
		};
		F51E3E94161A5F4000D51926 = {
			isa = PBXGroup;
			children = (
				F51E3EA4161A5F4000D51926 /* libosmscout */,
				F51E3EA1161A5F4000D51926 /* Frameworks */,
				F51E3EA0161A5F4000D51926 /* Products */,
			);
			sourceTree = "<group>";
		};
		F51E3EA0161A5F4000D51926 /* Products */ = {
			isa = PBXGroup;
			children = (
				F51E3E9F161A5F4000D51926 /* libosmscout.a */,
				F53BD15816388375006C7AE1 /* libosmscout-OSX.a */,
			);
			name = Products;
			sourceTree = "<group>";
		};
		F51E3EA1161A5F4000D51926 /* Frameworks */ = {
			isa = PBXGroup;
			children = (
				F51E3EA2161A5F4000D51926 /* Foundation.framework */,
				F53BD15916388375006C7AE1 /* Cocoa.framework */,
				F53BD15B16388375006C7AE1 /* Other Frameworks */,
			);
			name = Frameworks;
			sourceTree = "<group>";
		};
		F51E3EA4161A5F4000D51926 /* libosmscout */ = {
			isa = PBXGroup;
			children = (
				F51E3EB1161A5F7A00D51926 /* include */,
				F51E3EB0161A5F7300D51926 /* src */,
			);
			path = libosmscout;
			sourceTree = "<group>";
		};
		F51E3EB0161A5F7300D51926 /* src */ = {
			isa = PBXGroup;
			children = (
				E55CFD821F2FA9C1004AAA59 /* routing */,
				E5429DF91F01A57B00839A60 /* BasemapDatabase.cpp */,
				4DD8032C1DEEE15C0054A504 /* BoundingBoxDataFile.cpp */,
				4DD8032D1DEEE15C0054A504 /* ObjectVariantDataFile.cpp */,
				4DD8032E1DEEE15C0054A504 /* TypeDistributionDataFile.cpp */,
				F56129AC1C5FEBEE00EA29EA /* AreaDataFile.cpp */,
				F56129AD1C5FEBEE00EA29EA /* WayDataFile.cpp */,
				F5A66AC81A46F5E7007AD752 /* TextSearchIndex.cpp */,
				F55A3ACD1A45E57A0010005B /* Tiling.cpp */,
				F54C1E4E18F480AC008C5EB3 /* LocationService.cpp */,
				F556EFFC19C6E36700EAAA8B /* NodeDataFile.cpp */,
				F556EFFD19C6E36700EAAA8B /* TypeFeatures.cpp */,
				F54C1E5018F480AC008C5EB3 /* POIService.cpp */,
				F54FD00B186596AD000E8579 /* LocationIndex.cpp */,
				F54DAA3F1815DA6500625DDA /* Area.cpp */,
				F534FB9C18242F660039CEE4 /* Intersection.cpp */,
				F54DAA411815DA6500625DDA /* Coord.cpp */,
				F54DAA421815DA6500625DDA /* CoordDataFile.cpp */,
				F54DAA431815DA6500625DDA /* DebugDatabase.cpp */,
				F54DAA441815DA6500625DDA /* GeoCoord.cpp */,
				F54DAA451815DA6500625DDA /* OptimizeAreasLowZoom.cpp */,
				F54DAA461815DA6500625DDA /* OptimizeWaysLowZoom.cpp */,
				F54DAA471815DA6500625DDA /* Pixel.cpp */,
				F54DAA481815DA6500625DDA /* SRTM.cpp */,
				F51E3EB3161A5FEC00D51926 /* AreaAreaIndex.cpp */,
				F51E3EB4161A5FEC00D51926 /* AreaNodeIndex.cpp */,
				F51E3EB5161A5FEC00D51926 /* AreaWayIndex.cpp */,
				F51E3EB7161A5FEC00D51926 /* Database.cpp */,
				F51E3EB8161A5FEC00D51926 /* GroundTile.cpp */,
				F51E3EB9161A5FEC00D51926 /* Location.cpp */,
				F51E3EBA161A5FEC00D51926 /* Node.cpp */,
				F51E3EBB161A5FEC00D51926 /* NumericIndex.cpp */,
				F51E3EBC161A5FEC00D51926 /* ObjectRef.cpp */,
				F51E3EBE161A5FEC00D51926 /* ost */,
				F51E3EC4161A5FEC00D51926 /* Path.cpp */,
				F51E3EC5161A5FEC00D51926 /* Point.cpp */,
				F51E3ECE161A5FEC00D51926 /* system */,
				F51E3ED2161A5FEC00D51926 /* Tag.cpp */,
				F51E3ED4161A5FEC00D51926 /* TypeConfig.cpp */,
				F51E3ED6161A5FEC00D51926 /* Types.cpp */,
				F51E3ED8161A5FEC00D51926 /* util */,
				F51E3EFC161A5FEC00D51926 /* WaterIndex.cpp */,
				F51E3EFD161A5FEC00D51926 /* Way.cpp */,
			);
			name = src;
			sourceTree = "<group>";
		};
		F51E3EB1161A5F7A00D51926 /* include */ = {
			isa = PBXGroup;
			children = (
				F51E3F30161A604300D51926 /* osmscout */,
			);
			name = include;
			sourceTree = "<group>";
		};
		F51E3EBE161A5FEC00D51926 /* ost */ = {
			isa = PBXGroup;
			children = (
				F51E3EC2161A5FEC00D51926 /* Parser.cpp */,
				F51E3EC3161A5FEC00D51926 /* Scanner.cpp */,
			);
			name = ost;
			path = ../../../../libosmscout/src/osmscout/ost;
			sourceTree = "<group>";
		};
		F51E3ECE161A5FEC00D51926 /* system */ = {
			isa = PBXGroup;
			children = (
				F51E3ED1161A5FEC00D51926 /* SSEMath.cpp */,
			);
			name = system;
			path = ../../../../libosmscout/src/osmscout/system;
			sourceTree = "<group>";
		};
		F51E3ED8161A5FEC00D51926 /* util */ = {
			isa = PBXGroup;
			children = (
				E55CFD991F2FAA36004AAA59 /* CmdLineParsing.cpp */,
				E55CFD9A1F2FAA36004AAA59 /* HTMLWriter.cpp */,
				E55CFD9B1F2FAA36004AAA59 /* TagErrorReporter.cpp */,
				F56129B21C5FECB200EA29EA /* MemoryMonitor.cpp */,
				F56129B31C5FECB200EA29EA /* WorkQueue.cpp */,
				F5B6E3151C046F1500A3EC39 /* Exception.cpp */,
				F5CA00141B9FB524003B0EF6 /* Parsing.cpp */,
				F583993C1AF6E19B00F79DFF /* GeoBox.cpp */,
				F583993D1AF6E19B00F79DFF /* Logger.cpp */,
				F54DAA5D1815DAFB00625DDA /* NodeUseMap.cpp */,
				F57B4945169341C7008E1B2C /* Magnification.cpp */,
				F51E3EEB161A5FEC00D51926 /* Breaker.cpp */,
				F51E3EEC161A5FEC00D51926 /* Cache.cpp */,
				F51E3EED161A5FEC00D51926 /* Color.cpp */,
				F51E3EEE161A5FEC00D51926 /* File.cpp */,
				F51E3EEF161A5FEC00D51926 /* FileScanner.cpp */,
				F51E3EF0161A5FEC00D51926 /* FileWriter.cpp */,
				F51E3EF1161A5FEC00D51926 /* Geometry.cpp */,
				F51E3EF4161A5FEC00D51926 /* Number.cpp */,
				F51E3EF5161A5FEC00D51926 /* NumberSet.cpp */,
				F51E3EF6161A5FEC00D51926 /* Progress.cpp */,
				F51E3EF7161A5FEC00D51926 /* Projection.cpp */,
				F51E3EF9161A5FEC00D51926 /* StopClock.cpp */,
				F51E3EFA161A5FEC00D51926 /* String.cpp */,
				F51E3EFB161A5FEC00D51926 /* Transformation.cpp */,
			);
			name = util;
			path = ../../../../libosmscout/src/osmscout/util;
			sourceTree = "<group>";
		};
		F51E3F30161A604300D51926 /* osmscout */ = {
			isa = PBXGroup;
			children = (
				E55CFD9F1F2FAA66004AAA59 /* routing */,
				E5429DFB1F01A59400839A60 /* BasemapDatabase.h */,
				4DD803291DEEE12F0054A504 /* BoundingBoxDataFile.h */,
				4DD8032A1DEEE12F0054A504 /* ObjectVariantDataFile.h */,
				4DD8032B1DEEE12F0054A504 /* TypeDistributionDataFile.h */,
				F5A66AC71A46F5BF007AD752 /* TextSearchIndex.h */,
				F556F00219C9D00700EAAA8B /* TypeFeatures.h */,
				F550E56219B085C700CB6072 /* Navigation.h */,
				F54C1E4A18F48070008C5EB3 /* LocationService.h */,
				F54C1E4C18F48070008C5EB3 /* POIService.h */,
				F5EDD545189155AA00646B92 /* CoreFeatures.h */,
				F5EDD5441891556D00646B92 /* LocationIndex.h */,
				F534FB9A1823E8BD0039CEE4 /* Intersection.h */,
				F54DAA631815DB3F00625DDA /* Area.h */,
				F54DAA641815DB3F00625DDA /* AreaDataFile.h */,
				F54DAA661815DB3F00625DDA /* Coord.h */,
				F54DAA671815DB3F00625DDA /* CoordDataFile.h */,
				F54DAA681815DB3F00625DDA /* DebugDatabase.h */,
				F54DAA691815DB3F00625DDA /* GeoCoord.h */,
				F54DAA6A1815DB3F00625DDA /* OptimizeAreasLowZoom.h */,
				F54DAA6B1815DB3F00625DDA /* OptimizeWaysLowZoom.h */,
				F54DAA6C1815DB3F00625DDA /* Pixel.h */,
				F54DAA6D1815DB3F00625DDA /* SRTM.h */,
				F51E3F32161A604300D51926 /* AreaAreaIndex.h */,
				F51E3F33161A604300D51926 /* AreaNodeIndex.h */,
				F51E3F34161A604300D51926 /* AreaWayIndex.h */,
				F51E3F38161A604300D51926 /* Database.h */,
				F51E3F39161A604300D51926 /* DataFile.h */,
				F51E3F3A161A604300D51926 /* GroundTile.h */,
				F51E3F3B161A604300D51926 /* Location.h */,
				F51E3F3C161A604300D51926 /* Node.h */,
				F51E3F3D161A604300D51926 /* NodeDataFile.h */,
				F51E3F3E161A604300D51926 /* NumericIndex.h */,
				F51E3F3F161A604300D51926 /* ObjectRef.h */,
				F51E3F41161A604300D51926 /* ost */,
				F51E3F44161A604300D51926 /* Path.h */,
				F51E3F45161A604300D51926 /* Point.h */,
				F51E3F46161A604300D51926 /* private */,
				F51E3F57161A604300D51926 /* system */,
				F51E3F5B161A604300D51926 /* Tag.h */,
				F51E3F5D161A604300D51926 /* TypeConfig.h */,
				F51E3F5F161A604300D51926 /* Types.h */,
				F51E3F61161A604300D51926 /* util */,
				F51E3F73161A604300D51926 /* WaterIndex.h */,
				F51E3F74161A604300D51926 /* Way.h */,
				F51E3F75161A604300D51926 /* WayDataFile.h */,
			);
			name = osmscout;
			path = ../../../../libosmscout/include/osmscout;
			sourceTree = "<group>";
		};
		F51E3F41161A604300D51926 /* ost */ = {
			isa = PBXGroup;
			children = (
				F51E3F42161A604300D51926 /* Parser.h */,
				F51E3F43161A604300D51926 /* Scanner.h */,
			);
			path = ost;
			sourceTree = "<group>";
		};
		F51E3F46161A604300D51926 /* private */ = {
			isa = PBXGroup;
			children = (
				F5EDD5461891561000646B92 /* Config.h */,
				F51E3F4A161A604300D51926 /* CoreImportExport.h */,
			);
			path = private;
			sourceTree = "<group>";
		};
		F51E3F57161A604300D51926 /* system */ = {
			isa = PBXGroup;
			children = (
				F51E3F58161A604300D51926 /* SSEMath.h */,
				F51E3F59161A604300D51926 /* SSEMathPublic.h */,
				F51E3F5A161A604300D51926 /* Types.h */,
			);
			path = system;
			sourceTree = "<group>";
		};
		F51E3F61161A604300D51926 /* util */ = {
			isa = PBXGroup;
			children = (
				F56129B01C5FEC7A00EA29EA /* MemoryMonitor.h */,
				F56129B11C5FEC7A00EA29EA /* WorkQueue.h */,
				F5B6E3171C046F3500A3EC39 /* Exception.h */,
				F5CA00131B9FB4F6003B0EF6 /* Parsing.h */,
				F58399421AF6E1C400F79DFF /* GeoBox.h */,
				F58399431AF6E1C400F79DFF /* Logger.h */,
				F58399441AF6E1C400F79DFF /* Tiling.h */,
				F54DAA791815DB7D00625DDA /* NodeUseMap.h */,
				F57B4943169341A3008E1B2C /* Magnification.h */,
				F51E3F62161A604300D51926 /* Breaker.h */,
				F51E3F63161A604300D51926 /* Cache.h */,
				F51E3F64161A604300D51926 /* Color.h */,
				F51E3F65161A604300D51926 /* File.h */,
				F51E3F66161A604300D51926 /* FileScanner.h */,
				F51E3F67161A604300D51926 /* FileWriter.h */,
				F51E3F68161A604300D51926 /* Geometry.h */,
				F51E3F6B161A604300D51926 /* Number.h */,
				F51E3F6C161A604300D51926 /* NumberSet.h */,
				F51E3F6D161A604300D51926 /* Progress.h */,
				F51E3F6E161A604300D51926 /* Projection.h */,
				F51E3F70161A604300D51926 /* StopClock.h */,
				F51E3F71161A604300D51926 /* String.h */,
				F51E3F72161A604300D51926 /* Transformation.h */,
			);
			path = util;
			sourceTree = "<group>";
		};
		F53BD15B16388375006C7AE1 /* Other Frameworks */ = {
			isa = PBXGroup;
			children = (
				F53BD15C16388375006C7AE1 /* AppKit.framework */,
				F53BD15D16388375006C7AE1 /* CoreData.framework */,
				F53BD15E16388375006C7AE1 /* Foundation.framework */,
			);
			name = "Other Frameworks";
			sourceTree = "<group>";
		};
/* End PBXGroup section */

/* Begin PBXHeadersBuildPhase section */
		F53BD15616388375006C7AE1 /* Headers */ = {
			isa = PBXHeadersBuildPhase;
			buildActionMask = 2147483647;
			files = (
				F54DAA751815DB3F00625DDA /* OptimizeAreasLowZoom.h in Headers */,
				F54DAA761815DB3F00625DDA /* OptimizeWaysLowZoom.h in Headers */,
				F58399451AF6E1C400F79DFF /* GeoBox.h in Headers */,
				F54DAA711815DB3F00625DDA /* Coord.h in Headers */,
				F58399461AF6E1C400F79DFF /* Logger.h in Headers */,
				F556F00319C9D00700EAAA8B /* TypeFeatures.h in Headers */,
				F54DAA731815DB3F00625DDA /* DebugDatabase.h in Headers */,
				F54DAA721815DB3F00625DDA /* CoordDataFile.h in Headers */,
				F534FB9B1823E8BD0039CEE4 /* Intersection.h in Headers */,
				F58399471AF6E1C400F79DFF /* Tiling.h in Headers */,
				F54DAA741815DB3F00625DDA /* GeoCoord.h in Headers */,
				F54DAA7B1815DB7D00625DDA /* NodeUseMap.h in Headers */,
				F54DAA6E1815DB3F00625DDA /* Area.h in Headers */,
				F54DAA6F1815DB3F00625DDA /* AreaDataFile.h in Headers */,
				F54DAA771815DB3F00625DDA /* Pixel.h in Headers */,
				F54DAA781815DB3F00625DDA /* SRTM.h in Headers */,
			);
			runOnlyForDeploymentPostprocessing = 0;
		};
/* End PBXHeadersBuildPhase section */

/* Begin PBXNativeTarget section */
		F51E3E9E161A5F4000D51926 /* libosmscout */ = {
			isa = PBXNativeTarget;
			buildConfigurationList = F51E3EAD161A5F4000D51926 /* Build configuration list for PBXNativeTarget "libosmscout" */;
			buildPhases = (
				F51E3E9B161A5F4000D51926 /* Sources */,
				F51E3E9C161A5F4000D51926 /* Frameworks */,
				F51E3E9D161A5F4000D51926 /* CopyFiles */,
			);
			buildRules = (
			);
			dependencies = (
			);
			name = libosmscout;
			productName = libosmscout;
			productReference = F51E3E9F161A5F4000D51926 /* libosmscout.a */;
			productType = "com.apple.product-type.library.static";
		};
		F53BD15716388375006C7AE1 /* libosmscout-OSX */ = {
			isa = PBXNativeTarget;
			buildConfigurationList = F53BD16716388375006C7AE1 /* Build configuration list for PBXNativeTarget "libosmscout-OSX" */;
			buildPhases = (
				F53BD15416388375006C7AE1 /* Sources */,
				F53BD15516388375006C7AE1 /* Frameworks */,
				F53BD15616388375006C7AE1 /* Headers */,
			);
			buildRules = (
			);
			dependencies = (
			);
			name = "libosmscout-OSX";
			productName = "libosmscout-OSX";
			productReference = F53BD15816388375006C7AE1 /* libosmscout-OSX.a */;
			productType = "com.apple.product-type.library.static";
		};
/* End PBXNativeTarget section */

/* Begin PBXProject section */
		F51E3E96161A5F4000D51926 /* Project object */ = {
			isa = PBXProject;
			attributes = {
				LastUpgradeCheck = 0630;
				ORGANIZATIONNAME = "Vladimir Vyskocil";
			};
			buildConfigurationList = F51E3E99161A5F4000D51926 /* Build configuration list for PBXProject "libosmscout" */;
			compatibilityVersion = "Xcode 3.2";
			developmentRegion = English;
			hasScannedForEncodings = 0;
			knownRegions = (
				en,
			);
			mainGroup = F51E3E94161A5F4000D51926;
			productRefGroup = F51E3EA0161A5F4000D51926 /* Products */;
			projectDirPath = "";
			projectRoot = "";
			targets = (
				F51E3E9E161A5F4000D51926 /* libosmscout */,
				F53BD15716388375006C7AE1 /* libosmscout-OSX */,
			);
		};
/* End PBXProject section */

/* Begin PBXSourcesBuildPhase section */
		F51E3E9B161A5F4000D51926 /* Sources */ = {
			isa = PBXSourcesBuildPhase;
			buildActionMask = 2147483647;
			files = (
				F51E3EFF161A5FEC00D51926 /* AreaAreaIndex.cpp in Sources */,
				F58399401AF6E19B00F79DFF /* Logger.cpp in Sources */,
				F556EFFE19C6E36700EAAA8B /* NodeDataFile.cpp in Sources */,
				E55CFD931F2FA9F9004AAA59 /* RouteNode.cpp in Sources */,
				F51E3F00161A5FEC00D51926 /* AreaNodeIndex.cpp in Sources */,
				F5B6E3161C046F1500A3EC39 /* Exception.cpp in Sources */,
				F51E3F01161A5FEC00D51926 /* AreaWayIndex.cpp in Sources */,
				F51E3F03161A5FEC00D51926 /* Database.cpp in Sources */,
				F54DAA4D1815DA6500625DDA /* DebugDatabase.cpp in Sources */,
				F51E3F04161A5FEC00D51926 /* GroundTile.cpp in Sources */,
				F54C1E5418F480AC008C5EB3 /* POIService.cpp in Sources */,
				E55CFD921F2FA9F9004AAA59 /* RouteData.cpp in Sources */,
				E55CFD8E1F2FA9F9004AAA59 /* AbstractRoutingService.cpp in Sources */,
				F51E3F05161A5FEC00D51926 /* Location.cpp in Sources */,
				F5CA00151B9FB524003B0EF6 /* Parsing.cpp in Sources */,
				E55CFD911F2FA9F9004AAA59 /* Route.cpp in Sources */,
				4DD8032F1DEEE15C0054A504 /* BoundingBoxDataFile.cpp in Sources */,
				E55CFD981F2FA9F9004AAA59 /* TurnRestriction.cpp in Sources */,
				F51E3F06161A5FEC00D51926 /* Node.cpp in Sources */,
				F51E3F07161A5FEC00D51926 /* NumericIndex.cpp in Sources */,
				F51E3F08161A5FEC00D51926 /* ObjectRef.cpp in Sources */,
				F556F00019C6E36700EAAA8B /* TypeFeatures.cpp in Sources */,
				E55CFD9E1F2FAA36004AAA59 /* TagErrorReporter.cpp in Sources */,
				F51E3F0A161A5FEC00D51926 /* Parser.cpp in Sources */,
				E5429DFA1F01A57B00839A60 /* BasemapDatabase.cpp in Sources */,
				F54DAA5F1815DAFB00625DDA /* NodeUseMap.cpp in Sources */,
				F51E3F0B161A5FEC00D51926 /* Scanner.cpp in Sources */,
				F51E3F0C161A5FEC00D51926 /* Path.cpp in Sources */,
				F534FB9D18242F660039CEE4 /* Intersection.cpp in Sources */,
				F56129B41C5FECB200EA29EA /* MemoryMonitor.cpp in Sources */,
				E55CFD971F2FA9F9004AAA59 /* SimpleRoutingService.cpp in Sources */,
				F51E3F0D161A5FEC00D51926 /* Point.cpp in Sources */,
				F54DAA4E1815DA6500625DDA /* GeoCoord.cpp in Sources */,
				E55CFD8F1F2FA9F9004AAA59 /* MultiDBRoutingService.cpp in Sources */,
				4DD803301DEEE15C0054A504 /* ObjectVariantDataFile.cpp in Sources */,
				F54DAA511815DA6500625DDA /* Pixel.cpp in Sources */,
				F51E3F16161A5FEC00D51926 /* SSEMath.cpp in Sources */,
				E55CFD961F2FA9F9004AAA59 /* RoutingService.cpp in Sources */,
				F51E3F17161A5FEC00D51926 /* Tag.cpp in Sources */,
				E55CFD951F2FA9F9004AAA59 /* RoutingProfile.cpp in Sources */,
				F583993E1AF6E19B00F79DFF /* GeoBox.cpp in Sources */,
				F54C1E5218F480AC008C5EB3 /* LocationService.cpp in Sources */,
				F51E3F19161A5FEC00D51926 /* TypeConfig.cpp in Sources */,
				F51E3F1B161A5FEC00D51926 /* Types.cpp in Sources */,
				F55A3ACE1A45E57A0010005B /* Tiling.cpp in Sources */,
				F54DAA521815DA6500625DDA /* SRTM.cpp in Sources */,
				F51E3F1D161A5FEC00D51926 /* Breaker.cpp in Sources */,
				F51E3F1E161A5FEC00D51926 /* Cache.cpp in Sources */,
				F51E3F1F161A5FEC00D51926 /* Color.cpp in Sources */,
				F51E3F20161A5FEC00D51926 /* File.cpp in Sources */,
				F51E3F21161A5FEC00D51926 /* FileScanner.cpp in Sources */,
				F51E3F22161A5FEC00D51926 /* FileWriter.cpp in Sources */,
				E55CFD9D1F2FAA36004AAA59 /* HTMLWriter.cpp in Sources */,
				F54DAA4F1815DA6500625DDA /* OptimizeAreasLowZoom.cpp in Sources */,
				E55CFD901F2FA9F9004AAA59 /* MultiDBRoutingState.cpp in Sources */,
				F51E3F23161A5FEC00D51926 /* Geometry.cpp in Sources */,
				E5429DFC1F01A62000839A60 /* TextSearchIndex.cpp in Sources */,
				F51E3F26161A5FEC00D51926 /* Number.cpp in Sources */,
				F51E3F27161A5FEC00D51926 /* NumberSet.cpp in Sources */,
				F51E3F28161A5FEC00D51926 /* Progress.cpp in Sources */,
				F56129B51C5FECB200EA29EA /* WorkQueue.cpp in Sources */,
				F54DAA501815DA6500625DDA /* OptimizeWaysLowZoom.cpp in Sources */,
				F51E3F29161A5FEC00D51926 /* Projection.cpp in Sources */,
				F54DAA4B1815DA6500625DDA /* Coord.cpp in Sources */,
				F56129AE1C5FEBEE00EA29EA /* AreaDataFile.cpp in Sources */,
				F54DAA491815DA6500625DDA /* Area.cpp in Sources */,
				F51E3F2B161A5FEC00D51926 /* StopClock.cpp in Sources */,
				F54FD00C186596AD000E8579 /* LocationIndex.cpp in Sources */,
				F56129AF1C5FEBEE00EA29EA /* WayDataFile.cpp in Sources */,
				E55CFD941F2FA9F9004AAA59 /* RoutePostprocessor.cpp in Sources */,
				F51E3F2C161A5FEC00D51926 /* String.cpp in Sources */,
				F54DAA4C1815DA6500625DDA /* CoordDataFile.cpp in Sources */,
				F51E3F2D161A5FEC00D51926 /* Transformation.cpp in Sources */,
				4DD803311DEEE15C0054A504 /* TypeDistributionDataFile.cpp in Sources */,
				F51E3F2E161A5FEC00D51926 /* WaterIndex.cpp in Sources */,
				F51E3F2F161A5FEC00D51926 /* Way.cpp in Sources */,
				F57B4946169341C7008E1B2C /* Magnification.cpp in Sources */,
				E55CFD9C1F2FAA36004AAA59 /* CmdLineParsing.cpp in Sources */,
			);
			runOnlyForDeploymentPostprocessing = 0;
		};
		F53BD15416388375006C7AE1 /* Sources */ = {
			isa = PBXSourcesBuildPhase;
			buildActionMask = 2147483647;
			files = (
				F53BD1A61638866B006C7AE1 /* AreaAreaIndex.cpp in Sources */,
				4DD803211DEEDF770054A504 /* Exception.cpp in Sources */,
				F58399411AF6E19B00F79DFF /* Logger.cpp in Sources */,
				E5429DFD1F01A62200839A60 /* TextSearchIndex.cpp in Sources */,
				F556EFFF19C6E36700EAAA8B /* NodeDataFile.cpp in Sources */,
				F53BD1A71638866B006C7AE1 /* AreaNodeIndex.cpp in Sources */,
				F53BD1A81638866B006C7AE1 /* AreaWayIndex.cpp in Sources */,
				F53BD1AA1638866B006C7AE1 /* Database.cpp in Sources */,
				F54DAA571815DA8900625DDA /* DebugDatabase.cpp in Sources */,
				4DD803331DEEE1730054A504 /* ObjectVariantDataFile.cpp in Sources */,
				F53BD1AB1638866B006C7AE1 /* GroundTile.cpp in Sources */,
				F54C1E5B18F583BF008C5EB3 /* POIService.cpp in Sources */,
				F53BD1AC1638866B006C7AE1 /* Location.cpp in Sources */,
				F5CA00161B9FB604003B0EF6 /* Parsing.cpp in Sources */,
				F53BD1AD1638866B006C7AE1 /* Node.cpp in Sources */,
				4DD803321DEEE16F0054A504 /* BoundingBoxDataFile.cpp in Sources */,
				F53BD1AE1638866B006C7AE1 /* NumericIndex.cpp in Sources */,
				F53BD1AF1638866B006C7AE1 /* ObjectRef.cpp in Sources */,
				F556F00119C6E36700EAAA8B /* TypeFeatures.cpp in Sources */,
				F53BD1B116388673006C7AE1 /* Path.cpp in Sources */,
				F54DAA601815DAFB00625DDA /* NodeUseMap.cpp in Sources */,
				F53BD1B216388673006C7AE1 /* Point.cpp in Sources */,
				F534FB9E18242F660039CEE4 /* Intersection.cpp in Sources */,
				F54DAA581815DA8D00625DDA /* GeoCoord.cpp in Sources */,
				F54DAA5B1815DA9700625DDA /* Pixel.cpp in Sources */,
				F53BD1BB1638867D006C7AE1 /* Tag.cpp in Sources */,
				F53BD1BD1638867D006C7AE1 /* TypeConfig.cpp in Sources */,
				F54C1E5918F583BA008C5EB3 /* LocationService.cpp in Sources */,
				F583993F1AF6E19B00F79DFF /* GeoBox.cpp in Sources */,
				F53BD1BF1638867D006C7AE1 /* Types.cpp in Sources */,
				F53BD1C116388682006C7AE1 /* WaterIndex.cpp in Sources */,
				F53BD1C216388682006C7AE1 /* Way.cpp in Sources */,
				F55A3ACF1A45E57A0010005B /* Tiling.cpp in Sources */,
				F54DAA5C1815DA9A00625DDA /* SRTM.cpp in Sources */,
				F53BD1C31638868B006C7AE1 /* Parser.cpp in Sources */,
				F53BD1C41638868B006C7AE1 /* Scanner.cpp in Sources */,
				F53BD1C51638869A006C7AE1 /* SSEMath.cpp in Sources */,
				F53BD1C6163886B2006C7AE1 /* Breaker.cpp in Sources */,
				F53BD1C7163886B2006C7AE1 /* Cache.cpp in Sources */,
				F53BD1C8163886B2006C7AE1 /* Color.cpp in Sources */,
				F53BD1C9163886B2006C7AE1 /* File.cpp in Sources */,
				F54DAA591815DA9000625DDA /* OptimizeAreasLowZoom.cpp in Sources */,
				F53BD1CA163886B2006C7AE1 /* FileScanner.cpp in Sources */,
				4DD803341DEEE1730054A504 /* TypeDistributionDataFile.cpp in Sources */,
				F53BD1CB163886B2006C7AE1 /* FileWriter.cpp in Sources */,
				F53BD1CC163886B2006C7AE1 /* Geometry.cpp in Sources */,
				F53BD1CF163886B2006C7AE1 /* Number.cpp in Sources */,
				F54DAA5A1815DA9400625DDA /* OptimizeWaysLowZoom.cpp in Sources */,
				F53BD1D0163886B2006C7AE1 /* NumberSet.cpp in Sources */,
				F53BD1D1163886B2006C7AE1 /* Progress.cpp in Sources */,
				4DD803241DEEE0040054A504 /* AreaDataFile.cpp in Sources */,
				F54DAA551815DA8000625DDA /* Coord.cpp in Sources */,
				F54DAA531815DA7800625DDA /* Area.cpp in Sources */,
				4DD803221DEEDFD90054A504 /* WayDataFile.cpp in Sources */,
				F53BD1D2163886B2006C7AE1 /* Projection.cpp in Sources */,
				F54FD00D186596AD000E8579 /* LocationIndex.cpp in Sources */,
				F54DAA561815DA8600625DDA /* CoordDataFile.cpp in Sources */,
				F53BD1D4163886B2006C7AE1 /* StopClock.cpp in Sources */,
				F53BD1D5163886B2006C7AE1 /* String.cpp in Sources */,
				F53BD1D6163886B2006C7AE1 /* Transformation.cpp in Sources */,
				F57B4947169343BC008E1B2C /* Magnification.cpp in Sources */,
				E5429DFE1F01A62B00839A60 /* BasemapDatabase.cpp in Sources */,
			);
			runOnlyForDeploymentPostprocessing = 0;
		};
/* End PBXSourcesBuildPhase section */

/* Begin XCBuildConfiguration section */
		F51E3EAB161A5F4000D51926 /* Debug */ = {
			isa = XCBuildConfiguration;
			buildSettings = {
				ALWAYS_SEARCH_USER_PATHS = NO;
				CLANG_CXX_LANGUAGE_STANDARD = "c++0x";
				CLANG_CXX_LIBRARY = "libc++";
				CLANG_WARN_EMPTY_BODY = YES;
				CLANG_WARN__DUPLICATE_METHOD_MATCH = YES;
				COPY_PHASE_STRIP = NO;
				GCC_C_LANGUAGE_STANDARD = c11;
				GCC_DYNAMIC_NO_PIC = NO;
				GCC_OPTIMIZATION_LEVEL = 0;
				GCC_PREPROCESSOR_DEFINITIONS = (
					"DEBUG=1",
					"$(inherited)",
				);
				GCC_SYMBOLS_PRIVATE_EXTERN = NO;
				GCC_WARN_ABOUT_RETURN_TYPE = YES;
				GCC_WARN_UNINITIALIZED_AUTOS = YES;
				GCC_WARN_UNUSED_VARIABLE = YES;
				HEADER_SEARCH_PATHS = "";
				IPHONEOS_DEPLOYMENT_TARGET = 6.1;
				ONLY_ACTIVE_ARCH = YES;
				SDKROOT = iphoneos;
				SYSTEM_HEADER_SEARCH_PATHS = ../../../../marisa/lib;
			};
			name = Debug;
		};
		F51E3EAC161A5F4000D51926 /* Release */ = {
			isa = XCBuildConfiguration;
			buildSettings = {
				ALWAYS_SEARCH_USER_PATHS = NO;
				CLANG_CXX_LANGUAGE_STANDARD = "c++0x";
				CLANG_CXX_LIBRARY = "libc++";
				CLANG_WARN_EMPTY_BODY = YES;
				CLANG_WARN__DUPLICATE_METHOD_MATCH = YES;
				COPY_PHASE_STRIP = YES;
				GCC_C_LANGUAGE_STANDARD = c11;
				GCC_WARN_ABOUT_RETURN_TYPE = YES;
				GCC_WARN_UNINITIALIZED_AUTOS = YES;
				GCC_WARN_UNUSED_VARIABLE = YES;
				HEADER_SEARCH_PATHS = "";
				IPHONEOS_DEPLOYMENT_TARGET = 6.1;
				SDKROOT = iphoneos;
				SYSTEM_HEADER_SEARCH_PATHS = ../../../../marisa/lib;
				VALIDATE_PRODUCT = YES;
			};
			name = Release;
		};
		F51E3EAE161A5F4000D51926 /* Debug */ = {
			isa = XCBuildConfiguration;
			buildSettings = {
				ALWAYS_SEARCH_USER_PATHS = NO;
				CLANG_CXX_LANGUAGE_STANDARD = "c++0x";
				CLANG_CXX_LIBRARY = "libc++";
				DSTROOT = /tmp/libosmscout.dst;
				EXECUTABLE_PREFIX = "";
				GCC_C_LANGUAGE_STANDARD = c11;
				GCC_PRECOMPILE_PREFIX_HEADER = NO;
				GCC_PREFIX_HEADER = "";
				GCC_VERSION = "";
				HEADER_SEARCH_PATHS = (
					../../../libosmscout/include,
					../../../../../iphone/marisa/lib,
				);
				OTHER_LDFLAGS = "-ObjC";
				PRECOMPS_INCLUDE_HEADERS_FROM_BUILT_PRODUCTS_DIR = YES;
				PRODUCT_NAME = "$(TARGET_NAME)";
				SKIP_INSTALL = YES;
			};
			name = Debug;
		};
		F51E3EAF161A5F4000D51926 /* Release */ = {
			isa = XCBuildConfiguration;
			buildSettings = {
				ALWAYS_SEARCH_USER_PATHS = NO;
				CLANG_CXX_LANGUAGE_STANDARD = "c++0x";
				CLANG_CXX_LIBRARY = "libc++";
				DSTROOT = /tmp/libosmscout.dst;
				EXECUTABLE_PREFIX = "";
				GCC_C_LANGUAGE_STANDARD = c11;
				GCC_PRECOMPILE_PREFIX_HEADER = NO;
				GCC_PREFIX_HEADER = "";
				GCC_VERSION = "";
				HEADER_SEARCH_PATHS = (
					../../../libosmscout/include,
					../../../../../iphone/marisa/lib,
				);
				OTHER_LDFLAGS = "-ObjC";
				PRECOMPS_INCLUDE_HEADERS_FROM_BUILT_PRODUCTS_DIR = YES;
				PRODUCT_NAME = "$(TARGET_NAME)";
				SKIP_INSTALL = YES;
			};
			name = Release;
		};
		F53BD16516388375006C7AE1 /* Debug */ = {
			isa = XCBuildConfiguration;
			buildSettings = {
				ALWAYS_SEARCH_USER_PATHS = NO;
				COMBINE_HIDPI_IMAGES = YES;
				EXECUTABLE_PREFIX = "";
				FRAMEWORK_SEARCH_PATHS = (
					"$(inherited)",
					"\"$(SYSTEM_APPS_DIR)/Xcode.app/Contents/Developer/Library/Frameworks\"",
				);
				GCC_ENABLE_OBJC_EXCEPTIONS = YES;
				GCC_PRECOMPILE_PREFIX_HEADER = NO;
				GCC_PREFIX_HEADER = "";
				GCC_VERSION = com.apple.compilers.llvm.clang.1_0;
				GCC_WARN_64_TO_32_BIT_CONVERSION = YES;
				HEADER_SEARCH_PATHS = ../../../libosmscout/include;
				MACOSX_DEPLOYMENT_TARGET = 10.8;
				ONLY_ACTIVE_ARCH = YES;
				PRODUCT_NAME = "$(TARGET_NAME)";
				SDKROOT = macosx;
				USER_HEADER_SEARCH_PATHS = "";
			};
			name = Debug;
		};
		F53BD16616388375006C7AE1 /* Release */ = {
			isa = XCBuildConfiguration;
			buildSettings = {
				ALWAYS_SEARCH_USER_PATHS = NO;
				COMBINE_HIDPI_IMAGES = YES;
				DEBUG_INFORMATION_FORMAT = "dwarf-with-dsym";
				EXECUTABLE_PREFIX = "";
				FRAMEWORK_SEARCH_PATHS = (
					"$(inherited)",
					"\"$(SYSTEM_APPS_DIR)/Xcode.app/Contents/Developer/Library/Frameworks\"",
				);
				GCC_ENABLE_OBJC_EXCEPTIONS = YES;
				GCC_PRECOMPILE_PREFIX_HEADER = NO;
				GCC_PREFIX_HEADER = "";
				GCC_VERSION = com.apple.compilers.llvm.clang.1_0;
				GCC_WARN_64_TO_32_BIT_CONVERSION = YES;
				HEADER_SEARCH_PATHS = ../../../libosmscout/include;
				MACOSX_DEPLOYMENT_TARGET = 10.8;
				PRODUCT_NAME = "$(TARGET_NAME)";
				SDKROOT = macosx;
				USER_HEADER_SEARCH_PATHS = "";
			};
			name = Release;
		};
/* End XCBuildConfiguration section */

/* Begin XCConfigurationList section */
		F51E3E99161A5F4000D51926 /* Build configuration list for PBXProject "libosmscout" */ = {
			isa = XCConfigurationList;
			buildConfigurations = (
				F51E3EAB161A5F4000D51926 /* Debug */,
				F51E3EAC161A5F4000D51926 /* Release */,
			);
			defaultConfigurationIsVisible = 0;
			defaultConfigurationName = Release;
		};
		F51E3EAD161A5F4000D51926 /* Build configuration list for PBXNativeTarget "libosmscout" */ = {
			isa = XCConfigurationList;
			buildConfigurations = (
				F51E3EAE161A5F4000D51926 /* Debug */,
				F51E3EAF161A5F4000D51926 /* Release */,
			);
			defaultConfigurationIsVisible = 0;
			defaultConfigurationName = Release;
		};
		F53BD16716388375006C7AE1 /* Build configuration list for PBXNativeTarget "libosmscout-OSX" */ = {
			isa = XCConfigurationList;
			buildConfigurations = (
				F53BD16516388375006C7AE1 /* Debug */,
				F53BD16616388375006C7AE1 /* Release */,
			);
			defaultConfigurationIsVisible = 0;
			defaultConfigurationName = Release;
		};
/* End XCConfigurationList section */
	};
	rootObject = F51E3E96161A5F4000D51926 /* Project object */;
}
