// !$*UTF8*$!
{
	archiveVersion = 1;
	classes = {
	};
	objectVersion = 46;
	objects = {

/* Begin PBXBuildFile section */
		E50B832215E0136800C685B3 /* Cocoa.framework in Frameworks */ = {isa = PBXBuildFile; fileRef = E50B832115E0136800C685B3 /* Cocoa.framework */; };
		E50B832C15E0136800C685B3 /* InfoPlist.strings in Resources */ = {isa = PBXBuildFile; fileRef = E50B832A15E0136800C685B3 /* InfoPlist.strings */; };
		E50B832E15E0136800C685B3 /* main.m in Sources */ = {isa = PBXBuildFile; fileRef = E50B832D15E0136800C685B3 /* main.m */; };
		E50B833215E0136800C685B3 /* Credits.rtf in Resources */ = {isa = PBXBuildFile; fileRef = E50B833015E0136800C685B3 /* Credits.rtf */; };
		E50B833515E0136800C685B3 /* AppDelegate.m in Sources */ = {isa = PBXBuildFile; fileRef = E50B833415E0136800C685B3 /* AppDelegate.m */; };
		E50B833815E0136900C685B3 /* MainMenu.xib in Resources */ = {isa = PBXBuildFile; fileRef = E50B833615E0136900C685B3 /* MainMenu.xib */; };
		E50B856815E0219200C685B3 /* OSMScoutViewController.m in Sources */ = {isa = PBXBuildFile; fileRef = E50B856715E0219200C685B3 /* OSMScoutViewController.m */; };
		E50B856B15E021DD00C685B3 /* OSMScoutView.m in Sources */ = {isa = PBXBuildFile; fileRef = E50B856A15E021DD00C685B3 /* OSMScoutView.m */; };
		E50B856E15E024D400C685B3 /* OSMScout.mm in Sources */ = {isa = PBXBuildFile; fileRef = E50B856D15E024D400C685B3 /* OSMScout.mm */; };
		E55CFDAD1F2FAD95004AAA59 /* libiconv.tbd in Frameworks */ = {isa = PBXBuildFile; fileRef = E55CFDAC1F2FAD95004AAA59 /* libiconv.tbd */; };
		F50CBE8A15E59EAC00F0B370 /* bus_stop.png in Resources */ = {isa = PBXBuildFile; fileRef = F50CBE8315E59EAC00F0B370 /* bus_stop.png */; };
		F50CBE8B15E59EAC00F0B370 /* cemetery.png in Resources */ = {isa = PBXBuildFile; fileRef = F50CBE8415E59EAC00F0B370 /* cemetery.png */; };
		F50CBE8C15E59EAC00F0B370 /* forest.png in Resources */ = {isa = PBXBuildFile; fileRef = F50CBE8515E59EAC00F0B370 /* forest.png */; };
		F50CBE8D15E59EAC00F0B370 /* hospital.png in Resources */ = {isa = PBXBuildFile; fileRef = F50CBE8615E59EAC00F0B370 /* hospital.png */; };
		F50CBE8E15E59EAC00F0B370 /* parking.png in Resources */ = {isa = PBXBuildFile; fileRef = F50CBE8715E59EAC00F0B370 /* parking.png */; };
		F50CBE8F15E59EAC00F0B370 /* pharmacy.png in Resources */ = {isa = PBXBuildFile; fileRef = F50CBE8815E59EAC00F0B370 /* pharmacy.png */; };
		F50CBE9015E59EAC00F0B370 /* scrub.png in Resources */ = {isa = PBXBuildFile; fileRef = F50CBE8915E59EAC00F0B370 /* scrub.png */; };
		F539E72C18882EEB00059073 /* MapKit.framework in Frameworks */ = {isa = PBXBuildFile; fileRef = F539E72B18882EEB00059073 /* MapKit.framework */; };
		F539E72E188831A900059073 /* CoreLocation.framework in Frameworks */ = {isa = PBXBuildFile; fileRef = F539E72D188831A800059073 /* CoreLocation.framework */; };
		F539E730188834C300059073 /* CoreLocation.framework in Frameworks */ = {isa = PBXBuildFile; fileRef = F539E72F188834C300059073 /* CoreLocation.framework */; };
		F53BD1511638829E006C7AE1 /* libosmscout.a in Frameworks */ = {isa = PBXBuildFile; fileRef = F5953EA5163880BC0026B30F /* libosmscout.a */; };
		F53BD152163882A2006C7AE1 /* libosmscoutmap.a in Frameworks */ = {isa = PBXBuildFile; fileRef = F5953E9F163880A40026B30F /* libosmscoutmap.a */; };
		F53BD153163882A5006C7AE1 /* libosmscoutmapiosx.a in Frameworks */ = {isa = PBXBuildFile; fileRef = F5953E99163880820026B30F /* libosmscoutmapiosx.a */; };
		F53BD1A2163885E9006C7AE1 /* libosmscout-OSX.a in Frameworks */ = {isa = PBXBuildFile; fileRef = F53BD19516388431006C7AE1 /* libosmscout-OSX.a */; };
		F53BD1A3163885ED006C7AE1 /* libosmscoutmap-OSX.a in Frameworks */ = {isa = PBXBuildFile; fileRef = F53BD19816388431006C7AE1 /* libosmscoutmap-OSX.a */; };
		F53BD1A4163885F3006C7AE1 /* libosmscoutmapiosx-OSX.a in Frameworks */ = {isa = PBXBuildFile; fileRef = F53BD19B16388431006C7AE1 /* libosmscoutmapiosx-OSX.a */; };
		F5D603611887566400D8242B /* MapKit.framework in Frameworks */ = {isa = PBXBuildFile; fileRef = F5D603601887566400D8242B /* MapKit.framework */; };
		F5D6036A18875EE000D8242B /* OSMScoutMKTileOverlay.m in Sources */ = {isa = PBXBuildFile; fileRef = F5D6036918875EE000D8242B /* OSMScoutMKTileOverlay.m */; };
		F5D6036B18875EE000D8242B /* OSMScoutMKTileOverlay.m in Sources */ = {isa = PBXBuildFile; fileRef = F5D6036918875EE000D8242B /* OSMScoutMKTileOverlay.m */; };
		F5DD1BB6160B880500084E83 /* UIKit.framework in Frameworks */ = {isa = PBXBuildFile; fileRef = F5DD1BB5160B880400084E83 /* UIKit.framework */; };
		F5DD1BB8160B880500084E83 /* Foundation.framework in Frameworks */ = {isa = PBXBuildFile; fileRef = F5DD1BB7160B880500084E83 /* Foundation.framework */; };
		F5DD1BBA160B880500084E83 /* CoreGraphics.framework in Frameworks */ = {isa = PBXBuildFile; fileRef = F5DD1BB9160B880500084E83 /* CoreGraphics.framework */; };
		F5DD1BC0160B880500084E83 /* InfoPlist.strings in Resources */ = {isa = PBXBuildFile; fileRef = F5DD1BBE160B880500084E83 /* InfoPlist.strings */; };
		F5DD1BC2160B880500084E83 /* main.m in Sources */ = {isa = PBXBuildFile; fileRef = F5DD1BC1160B880500084E83 /* main.m */; };
		F5DD1BC6160B880500084E83 /* AppDelegate.m in Sources */ = {isa = PBXBuildFile; fileRef = F5DD1BC5160B880500084E83 /* AppDelegate.m */; };
		F5DD1BC8160B880500084E83 /* Default.png in Resources */ = {isa = PBXBuildFile; fileRef = F5DD1BC7160B880500084E83 /* Default.png */; };
		F5DD1BCA160B880500084E83 /* Default@2x.png in Resources */ = {isa = PBXBuildFile; fileRef = F5DD1BC9160B880500084E83 /* Default@2x.png */; };
		F5DD1BCC160B880500084E83 /* Default-568h@2x.png in Resources */ = {isa = PBXBuildFile; fileRef = F5DD1BCB160B880500084E83 /* Default-568h@2x.png */; };
		F5DD1BCF160B880500084E83 /* OSMScoutIOSViewController.m in Sources */ = {isa = PBXBuildFile; fileRef = F5DD1BCE160B880500084E83 /* OSMScoutIOSViewController.m */; };
		F5DD1BD2160B880500084E83 /* OSMScoutIOSViewController_iPhone.xib in Resources */ = {isa = PBXBuildFile; fileRef = F5DD1BD0160B880500084E83 /* OSMScoutIOSViewController_iPhone.xib */; };
		F5DD1BD5160B880500084E83 /* OSMScoutIOSViewController_iPad.xib in Resources */ = {isa = PBXBuildFile; fileRef = F5DD1BD3160B880500084E83 /* OSMScoutIOSViewController_iPad.xib */; };
		F5DD1BDA160B88EA00084E83 /* OSMScout.mm in Sources */ = {isa = PBXBuildFile; fileRef = E50B856D15E024D400C685B3 /* OSMScout.mm */; };
		F5DD1C15160D1DFA00084E83 /* OSMScoutIOSView.m in Sources */ = {isa = PBXBuildFile; fileRef = F5DD1C14160D1DFA00084E83 /* OSMScoutIOSView.m */; };
		F5DD1C16160D22A500084E83 /* bus_stop.png in Resources */ = {isa = PBXBuildFile; fileRef = F50CBE8315E59EAC00F0B370 /* bus_stop.png */; };
		F5DD1C17160D22A500084E83 /* cemetery.png in Resources */ = {isa = PBXBuildFile; fileRef = F50CBE8415E59EAC00F0B370 /* cemetery.png */; };
		F5DD1C18160D22A500084E83 /* forest.png in Resources */ = {isa = PBXBuildFile; fileRef = F50CBE8515E59EAC00F0B370 /* forest.png */; };
		F5DD1C19160D22A500084E83 /* hospital.png in Resources */ = {isa = PBXBuildFile; fileRef = F50CBE8615E59EAC00F0B370 /* hospital.png */; };
		F5DD1C1A160D22A500084E83 /* parking.png in Resources */ = {isa = PBXBuildFile; fileRef = F50CBE8715E59EAC00F0B370 /* parking.png */; };
		F5DD1C1B160D22A500084E83 /* pharmacy.png in Resources */ = {isa = PBXBuildFile; fileRef = F50CBE8815E59EAC00F0B370 /* pharmacy.png */; };
		F5DD1C1C160D22A500084E83 /* scrub.png in Resources */ = {isa = PBXBuildFile; fileRef = F50CBE8915E59EAC00F0B370 /* scrub.png */; };
/* End PBXBuildFile section */

/* Begin PBXContainerItemProxy section */
		F53BD14816388248006C7AE1 /* PBXContainerItemProxy */ = {
			isa = PBXContainerItemProxy;
			containerPortal = F5953EA0163880BB0026B30F /* libosmscout.xcodeproj */;
			proxyType = 1;
			remoteGlobalIDString = F51E3E9E161A5F4000D51926;
			remoteInfo = libosmscout;
		};
		F53BD14A1638824E006C7AE1 /* PBXContainerItemProxy */ = {
			isa = PBXContainerItemProxy;
			containerPortal = F5953E9A163880A30026B30F /* libosmscoutmap.xcodeproj */;
			proxyType = 1;
			remoteGlobalIDString = F51E3F80161A651F00D51926;
			remoteInfo = libosmscoutmap;
		};
		F53BD14C16388252006C7AE1 /* PBXContainerItemProxy */ = {
			isa = PBXContainerItemProxy;
			containerPortal = F5953E94163880810026B30F /* libosmscoutmapiosx.xcodeproj */;
			proxyType = 1;
			remoteGlobalIDString = F51E3FBC161A66F000D51926;
			remoteInfo = libosmscoutmapiosx;
		};
		F53BD19416388431006C7AE1 /* PBXContainerItemProxy */ = {
			isa = PBXContainerItemProxy;
			containerPortal = F5953EA0163880BB0026B30F /* libosmscout.xcodeproj */;
			proxyType = 2;
			remoteGlobalIDString = F53BD15816388375006C7AE1;
			remoteInfo = "libosmscout-OSX";
		};
		F53BD19716388431006C7AE1 /* PBXContainerItemProxy */ = {
			isa = PBXContainerItemProxy;
			containerPortal = F5953E9A163880A30026B30F /* libosmscoutmap.xcodeproj */;
			proxyType = 2;
			remoteGlobalIDString = F53BD16D163883E7006C7AE1;
			remoteInfo = "libosmscoutmap-OSX";
		};
		F53BD19A16388431006C7AE1 /* PBXContainerItemProxy */ = {
			isa = PBXContainerItemProxy;
			containerPortal = F5953E94163880810026B30F /* libosmscoutmapiosx.xcodeproj */;
			proxyType = 2;
			remoteGlobalIDString = F53BD1821638841B006C7AE1;
			remoteInfo = "libosmscoutmapiosx-OSX";
		};
		F53BD19C1638843D006C7AE1 /* PBXContainerItemProxy */ = {
			isa = PBXContainerItemProxy;
			containerPortal = F5953E9A163880A30026B30F /* libosmscoutmap.xcodeproj */;
			proxyType = 1;
			remoteGlobalIDString = F53BD16C163883E7006C7AE1;
			remoteInfo = "libosmscoutmap-OSX";
		};
		F53BD19E16388443006C7AE1 /* PBXContainerItemProxy */ = {
			isa = PBXContainerItemProxy;
			containerPortal = F5953E94163880810026B30F /* libosmscoutmapiosx.xcodeproj */;
			proxyType = 1;
			remoteGlobalIDString = F53BD1811638841B006C7AE1;
			remoteInfo = "libosmscoutmapiosx-OSX";
		};
		F53BD1A016388449006C7AE1 /* PBXContainerItemProxy */ = {
			isa = PBXContainerItemProxy;
			containerPortal = F5953EA0163880BB0026B30F /* libosmscout.xcodeproj */;
			proxyType = 1;
			remoteGlobalIDString = F53BD15716388375006C7AE1;
			remoteInfo = "libosmscout-OSX";
		};
		F5953E98163880820026B30F /* PBXContainerItemProxy */ = {
			isa = PBXContainerItemProxy;
			containerPortal = F5953E94163880810026B30F /* libosmscoutmapiosx.xcodeproj */;
			proxyType = 2;
			remoteGlobalIDString = F51E3FBD161A66F000D51926;
			remoteInfo = libosmscoutmapiosx;
		};
		F5953E9E163880A40026B30F /* PBXContainerItemProxy */ = {
			isa = PBXContainerItemProxy;
			containerPortal = F5953E9A163880A30026B30F /* libosmscoutmap.xcodeproj */;
			proxyType = 2;
			remoteGlobalIDString = F51E3F81161A651F00D51926;
			remoteInfo = libosmscoutmap;
		};
		F5953EA4163880BC0026B30F /* PBXContainerItemProxy */ = {
			isa = PBXContainerItemProxy;
			containerPortal = F5953EA0163880BB0026B30F /* libosmscout.xcodeproj */;
			proxyType = 2;
			remoteGlobalIDString = F51E3E9F161A5F4000D51926;
			remoteInfo = libosmscout;
		};
/* End PBXContainerItemProxy section */

/* Begin PBXFileReference section */
		E50B831D15E0136800C685B3 /* OSMScoutOSX.app */ = {isa = PBXFileReference; explicitFileType = wrapper.application; includeInIndex = 0; path = OSMScoutOSX.app; sourceTree = BUILT_PRODUCTS_DIR; };
		E50B832115E0136800C685B3 /* Cocoa.framework */ = {isa = PBXFileReference; lastKnownFileType = wrapper.framework; name = Cocoa.framework; path = System/Library/Frameworks/Cocoa.framework; sourceTree = SDKROOT; };
		E50B832415E0136800C685B3 /* AppKit.framework */ = {isa = PBXFileReference; lastKnownFileType = wrapper.framework; name = AppKit.framework; path = System/Library/Frameworks/AppKit.framework; sourceTree = SDKROOT; };
		E50B832515E0136800C685B3 /* CoreData.framework */ = {isa = PBXFileReference; lastKnownFileType = wrapper.framework; name = CoreData.framework; path = System/Library/Frameworks/CoreData.framework; sourceTree = SDKROOT; };
		E50B832615E0136800C685B3 /* Foundation.framework */ = {isa = PBXFileReference; lastKnownFileType = wrapper.framework; name = Foundation.framework; path = System/Library/Frameworks/Foundation.framework; sourceTree = SDKROOT; };
		E50B832915E0136800C685B3 /* OSMScoutOSX-Info.plist */ = {isa = PBXFileReference; lastKnownFileType = text.plist.xml; path = "OSMScoutOSX-Info.plist"; sourceTree = "<group>"; };
		E50B832B15E0136800C685B3 /* en */ = {isa = PBXFileReference; lastKnownFileType = text.plist.strings; name = en; path = en.lproj/InfoPlist.strings; sourceTree = "<group>"; };
		E50B832D15E0136800C685B3 /* main.m */ = {isa = PBXFileReference; lastKnownFileType = sourcecode.c.objc; path = main.m; sourceTree = "<group>"; };
		E50B832F15E0136800C685B3 /* OSMScoutOSX-Prefix.pch */ = {isa = PBXFileReference; lastKnownFileType = sourcecode.c.h; path = "OSMScoutOSX-Prefix.pch"; sourceTree = "<group>"; };
		E50B833115E0136800C685B3 /* en */ = {isa = PBXFileReference; lastKnownFileType = text.rtf; name = en; path = en.lproj/Credits.rtf; sourceTree = "<group>"; };
		E50B833315E0136800C685B3 /* AppDelegate.h */ = {isa = PBXFileReference; lastKnownFileType = sourcecode.c.h; path = AppDelegate.h; sourceTree = "<group>"; };
		E50B833415E0136800C685B3 /* AppDelegate.m */ = {isa = PBXFileReference; lastKnownFileType = sourcecode.c.objc; path = AppDelegate.m; sourceTree = "<group>"; };
		E50B833715E0136900C685B3 /* en */ = {isa = PBXFileReference; lastKnownFileType = file.xib; name = en; path = en.lproj/MainMenu.xib; sourceTree = "<group>"; };
		E50B833F15E0136900C685B3 /* SenTestingKit.framework */ = {isa = PBXFileReference; lastKnownFileType = wrapper.framework; name = SenTestingKit.framework; path = Library/Frameworks/SenTestingKit.framework; sourceTree = DEVELOPER_DIR; };
		E50B856615E0219200C685B3 /* OSMScoutViewController.h */ = {isa = PBXFileReference; fileEncoding = 4; lastKnownFileType = sourcecode.c.h; path = OSMScoutViewController.h; sourceTree = "<group>"; };
		E50B856715E0219200C685B3 /* OSMScoutViewController.m */ = {isa = PBXFileReference; fileEncoding = 4; lastKnownFileType = sourcecode.c.objc; path = OSMScoutViewController.m; sourceTree = "<group>"; };
		E50B856915E021DD00C685B3 /* OSMScoutView.h */ = {isa = PBXFileReference; fileEncoding = 4; lastKnownFileType = sourcecode.c.h; path = OSMScoutView.h; sourceTree = "<group>"; };
		E50B856A15E021DD00C685B3 /* OSMScoutView.m */ = {isa = PBXFileReference; fileEncoding = 4; lastKnownFileType = sourcecode.c.objc; path = OSMScoutView.m; sourceTree = "<group>"; };
		E50B856D15E024D400C685B3 /* OSMScout.mm */ = {isa = PBXFileReference; fileEncoding = 4; lastKnownFileType = sourcecode.cpp.objcpp; name = OSMScout.mm; path = OSMScoutOSX/OSMScout.mm; sourceTree = "<group>"; };
		E50B856F15E029A800C685B3 /* OSMScout.h */ = {isa = PBXFileReference; fileEncoding = 4; lastKnownFileType = sourcecode.c.h; name = OSMScout.h; path = OSMScoutOSX/OSMScout.h; sourceTree = "<group>"; };
		E55CFDAC1F2FAD95004AAA59 /* libiconv.tbd */ = {isa = PBXFileReference; lastKnownFileType = "sourcecode.text-based-dylib-definition"; name = libiconv.tbd; path = usr/lib/libiconv.tbd; sourceTree = SDKROOT; };
		E5A61D4615E0612D0078BD02 /* ApplicationServices.framework */ = {isa = PBXFileReference; lastKnownFileType = wrapper.framework; name = ApplicationServices.framework; path = System/Library/Frameworks/ApplicationServices.framework; sourceTree = SDKROOT; };
		F50CBE8315E59EAC00F0B370 /* bus_stop.png */ = {isa = PBXFileReference; lastKnownFileType = image.png; path = bus_stop.png; sourceTree = "<group>"; };
		F50CBE8415E59EAC00F0B370 /* cemetery.png */ = {isa = PBXFileReference; lastKnownFileType = image.png; path = cemetery.png; sourceTree = "<group>"; };
		F50CBE8515E59EAC00F0B370 /* forest.png */ = {isa = PBXFileReference; lastKnownFileType = image.png; path = forest.png; sourceTree = "<group>"; };
		F50CBE8615E59EAC00F0B370 /* hospital.png */ = {isa = PBXFileReference; lastKnownFileType = image.png; path = hospital.png; sourceTree = "<group>"; };
		F50CBE8715E59EAC00F0B370 /* parking.png */ = {isa = PBXFileReference; lastKnownFileType = image.png; path = parking.png; sourceTree = "<group>"; };
		F50CBE8815E59EAC00F0B370 /* pharmacy.png */ = {isa = PBXFileReference; lastKnownFileType = image.png; path = pharmacy.png; sourceTree = "<group>"; };
		F50CBE8915E59EAC00F0B370 /* scrub.png */ = {isa = PBXFileReference; lastKnownFileType = image.png; path = scrub.png; sourceTree = "<group>"; };
		F539E72B18882EEB00059073 /* MapKit.framework */ = {isa = PBXFileReference; lastKnownFileType = wrapper.framework; name = MapKit.framework; path = Platforms/iPhoneOS.platform/Developer/SDKs/iPhoneOS7.0.sdk/System/Library/Frameworks/MapKit.framework; sourceTree = DEVELOPER_DIR; };
		F539E72D188831A800059073 /* CoreLocation.framework */ = {isa = PBXFileReference; lastKnownFileType = wrapper.framework; name = CoreLocation.framework; path = Platforms/iPhoneOS.platform/Developer/SDKs/iPhoneOS7.0.sdk/System/Library/Frameworks/CoreLocation.framework; sourceTree = DEVELOPER_DIR; };
		F539E72F188834C300059073 /* CoreLocation.framework */ = {isa = PBXFileReference; lastKnownFileType = wrapper.framework; name = CoreLocation.framework; path = System/Library/Frameworks/CoreLocation.framework; sourceTree = SDKROOT; };
		F5953E94163880810026B30F /* libosmscoutmapiosx.xcodeproj */ = {isa = PBXFileReference; lastKnownFileType = "wrapper.pb-project"; name = libosmscoutmapiosx.xcodeproj; path = ../libosmscout/libosmscoutmapiosx/libosmscoutmapiosx.xcodeproj; sourceTree = "<group>"; };
		F5953E9A163880A30026B30F /* libosmscoutmap.xcodeproj */ = {isa = PBXFileReference; lastKnownFileType = "wrapper.pb-project"; name = libosmscoutmap.xcodeproj; path = ../libosmscout/libosmscoutmap/libosmscoutmap.xcodeproj; sourceTree = "<group>"; };
		F5953EA0163880BB0026B30F /* libosmscout.xcodeproj */ = {isa = PBXFileReference; lastKnownFileType = "wrapper.pb-project"; name = libosmscout.xcodeproj; path = ../libosmscout/libosmscout/libosmscout.xcodeproj; sourceTree = "<group>"; };
		F5D603601887566400D8242B /* MapKit.framework */ = {isa = PBXFileReference; lastKnownFileType = wrapper.framework; name = MapKit.framework; path = System/Library/Frameworks/MapKit.framework; sourceTree = SDKROOT; };
		F5D6036818875EE000D8242B /* OSMScoutMKTileOverlay.h */ = {isa = PBXFileReference; fileEncoding = 4; lastKnownFileType = sourcecode.c.h; name = OSMScoutMKTileOverlay.h; path = OSMScoutOSX/OSMScoutMKTileOverlay.h; sourceTree = "<group>"; };
		F5D6036918875EE000D8242B /* OSMScoutMKTileOverlay.m */ = {isa = PBXFileReference; fileEncoding = 4; lastKnownFileType = sourcecode.c.objc; name = OSMScoutMKTileOverlay.m; path = OSMScoutOSX/OSMScoutMKTileOverlay.m; sourceTree = "<group>"; };
		F5DD1BB3160B880400084E83 /* OSMScoutiOS.app */ = {isa = PBXFileReference; explicitFileType = wrapper.application; includeInIndex = 0; path = OSMScoutiOS.app; sourceTree = BUILT_PRODUCTS_DIR; };
		F5DD1BB5160B880400084E83 /* UIKit.framework */ = {isa = PBXFileReference; lastKnownFileType = wrapper.framework; name = UIKit.framework; path = Library/Frameworks/UIKit.framework; sourceTree = DEVELOPER_DIR; };
		F5DD1BB7160B880500084E83 /* Foundation.framework */ = {isa = PBXFileReference; lastKnownFileType = wrapper.framework; name = Foundation.framework; path = Library/Frameworks/Foundation.framework; sourceTree = DEVELOPER_DIR; };
		F5DD1BB9160B880500084E83 /* CoreGraphics.framework */ = {isa = PBXFileReference; lastKnownFileType = wrapper.framework; name = CoreGraphics.framework; path = Library/Frameworks/CoreGraphics.framework; sourceTree = DEVELOPER_DIR; };
		F5DD1BBD160B880500084E83 /* OSMScoutiOS-Info.plist */ = {isa = PBXFileReference; lastKnownFileType = text.plist.xml; path = "OSMScoutiOS-Info.plist"; sourceTree = "<group>"; };
		F5DD1BBF160B880500084E83 /* en */ = {isa = PBXFileReference; lastKnownFileType = text.plist.strings; name = en; path = en.lproj/InfoPlist.strings; sourceTree = "<group>"; };
		F5DD1BC1160B880500084E83 /* main.m */ = {isa = PBXFileReference; lastKnownFileType = sourcecode.c.objc; path = main.m; sourceTree = "<group>"; };
		F5DD1BC3160B880500084E83 /* OSMScoutiOS-Prefix.pch */ = {isa = PBXFileReference; lastKnownFileType = sourcecode.c.h; path = "OSMScoutiOS-Prefix.pch"; sourceTree = "<group>"; };
		F5DD1BC4160B880500084E83 /* AppDelegate.h */ = {isa = PBXFileReference; lastKnownFileType = sourcecode.c.h; path = AppDelegate.h; sourceTree = "<group>"; };
		F5DD1BC5160B880500084E83 /* AppDelegate.m */ = {isa = PBXFileReference; lastKnownFileType = sourcecode.c.objc; path = AppDelegate.m; sourceTree = "<group>"; };
		F5DD1BC7160B880500084E83 /* Default.png */ = {isa = PBXFileReference; lastKnownFileType = image.png; path = Default.png; sourceTree = "<group>"; };
		F5DD1BC9160B880500084E83 /* Default@2x.png */ = {isa = PBXFileReference; lastKnownFileType = image.png; path = "Default@2x.png"; sourceTree = "<group>"; };
		F5DD1BCB160B880500084E83 /* Default-568h@2x.png */ = {isa = PBXFileReference; lastKnownFileType = image.png; path = "Default-568h@2x.png"; sourceTree = "<group>"; };
		F5DD1BCD160B880500084E83 /* OSMScoutIOSViewController.h */ = {isa = PBXFileReference; lastKnownFileType = sourcecode.c.h; path = OSMScoutIOSViewController.h; sourceTree = "<group>"; };
		F5DD1BCE160B880500084E83 /* OSMScoutIOSViewController.m */ = {isa = PBXFileReference; lastKnownFileType = sourcecode.c.objc; path = OSMScoutIOSViewController.m; sourceTree = "<group>"; };
		F5DD1BD1160B880500084E83 /* en */ = {isa = PBXFileReference; lastKnownFileType = file.xib; name = en; path = en.lproj/OSMScoutIOSViewController_iPhone.xib; sourceTree = "<group>"; };
		F5DD1BD4160B880500084E83 /* en */ = {isa = PBXFileReference; lastKnownFileType = file.xib; name = en; path = en.lproj/OSMScoutIOSViewController_iPad.xib; sourceTree = "<group>"; };
		F5DD1C13160D1DFA00084E83 /* OSMScoutIOSView.h */ = {isa = PBXFileReference; fileEncoding = 4; lastKnownFileType = sourcecode.c.h; path = OSMScoutIOSView.h; sourceTree = "<group>"; };
		F5DD1C14160D1DFA00084E83 /* OSMScoutIOSView.m */ = {isa = PBXFileReference; fileEncoding = 4; lastKnownFileType = sourcecode.c.objc; path = OSMScoutIOSView.m; sourceTree = "<group>"; };
/* End PBXFileReference section */

/* Begin PBXFrameworksBuildPhase section */
		E50B831A15E0136800C685B3 /* Frameworks */ = {
			isa = PBXFrameworksBuildPhase;
			buildActionMask = 2147483647;
			files = (
				E55CFDAD1F2FAD95004AAA59 /* libiconv.tbd in Frameworks */,
				F53BD1A2163885E9006C7AE1 /* libosmscout-OSX.a in Frameworks */,
				F53BD1A3163885ED006C7AE1 /* libosmscoutmap-OSX.a in Frameworks */,
				F53BD1A4163885F3006C7AE1 /* libosmscoutmapiosx-OSX.a in Frameworks */,
				E50B832215E0136800C685B3 /* Cocoa.framework in Frameworks */,
				F539E730188834C300059073 /* CoreLocation.framework in Frameworks */,
				F5D603611887566400D8242B /* MapKit.framework in Frameworks */,
			);
			runOnlyForDeploymentPostprocessing = 0;
		};
		F5DD1BB0160B880400084E83 /* Frameworks */ = {
			isa = PBXFrameworksBuildPhase;
			buildActionMask = 2147483647;
			files = (
				F53BD153163882A5006C7AE1 /* libosmscoutmapiosx.a in Frameworks */,
				F53BD152163882A2006C7AE1 /* libosmscoutmap.a in Frameworks */,
				F53BD1511638829E006C7AE1 /* libosmscout.a in Frameworks */,
				F5DD1BB6160B880500084E83 /* UIKit.framework in Frameworks */,
				F5DD1BB8160B880500084E83 /* Foundation.framework in Frameworks */,
				F5DD1BBA160B880500084E83 /* CoreGraphics.framework in Frameworks */,
				F539E72E188831A900059073 /* CoreLocation.framework in Frameworks */,
				F539E72C18882EEB00059073 /* MapKit.framework in Frameworks */,
			);
			runOnlyForDeploymentPostprocessing = 0;
		};
/* End PBXFrameworksBuildPhase section */

/* Begin PBXGroup section */
		E50B831215E0136800C685B3 = {
			isa = PBXGroup;
			children = (
				F5953EA0163880BB0026B30F /* libosmscout.xcodeproj */,
				F5953E9A163880A30026B30F /* libosmscoutmap.xcodeproj */,
				F5953E94163880810026B30F /* libosmscoutmapiosx.xcodeproj */,
				F5DD1BD9160B889600084E83 /* Common */,
				E50B832715E0136800C685B3 /* OSMScoutOSX */,
				F5DD1BBB160B880500084E83 /* OSMScoutiOS */,
				F50CBE7E15E59E7F00F0B370 /* Resources */,
				E50B832015E0136800C685B3 /* Frameworks */,
				E50B831E15E0136800C685B3 /* Products */,
			);
			sourceTree = "<group>";
		};
		E50B831E15E0136800C685B3 /* Products */ = {
			isa = PBXGroup;
			children = (
				E50B831D15E0136800C685B3 /* OSMScoutOSX.app */,
				F5DD1BB3160B880400084E83 /* OSMScoutiOS.app */,
			);
			name = Products;
			sourceTree = "<group>";
		};
		E50B832015E0136800C685B3 /* Frameworks */ = {
			isa = PBXGroup;
			children = (
				E55CFDAC1F2FAD95004AAA59 /* libiconv.tbd */,
				F539E72F188834C300059073 /* CoreLocation.framework */,
				F539E72D188831A800059073 /* CoreLocation.framework */,
				F539E72B18882EEB00059073 /* MapKit.framework */,
				F5D603601887566400D8242B /* MapKit.framework */,
				E5A61D4615E0612D0078BD02 /* ApplicationServices.framework */,
				E50B832115E0136800C685B3 /* Cocoa.framework */,
				E50B833F15E0136900C685B3 /* SenTestingKit.framework */,
				F5DD1BB5160B880400084E83 /* UIKit.framework */,
				F5DD1BB7160B880500084E83 /* Foundation.framework */,
				F5DD1BB9160B880500084E83 /* CoreGraphics.framework */,
				E50B832315E0136800C685B3 /* Other Frameworks */,
			);
			name = Frameworks;
			sourceTree = "<group>";
		};
		E50B832315E0136800C685B3 /* Other Frameworks */ = {
			isa = PBXGroup;
			children = (
				E50B832415E0136800C685B3 /* AppKit.framework */,
				E50B832515E0136800C685B3 /* CoreData.framework */,
				E50B832615E0136800C685B3 /* Foundation.framework */,
			);
			name = "Other Frameworks";
			sourceTree = "<group>";
		};
		E50B832715E0136800C685B3 /* OSMScoutOSX */ = {
			isa = PBXGroup;
			children = (
				E50B833315E0136800C685B3 /* AppDelegate.h */,
				E50B833415E0136800C685B3 /* AppDelegate.m */,
				E50B856915E021DD00C685B3 /* OSMScoutView.h */,
				E50B856A15E021DD00C685B3 /* OSMScoutView.m */,
				E50B856615E0219200C685B3 /* OSMScoutViewController.h */,
				E50B856715E0219200C685B3 /* OSMScoutViewController.m */,
				E50B833615E0136900C685B3 /* MainMenu.xib */,
				E50B832815E0136800C685B3 /* Supporting Files */,
			);
			path = OSMScoutOSX;
			sourceTree = "<group>";
		};
		E50B832815E0136800C685B3 /* Supporting Files */ = {
			isa = PBXGroup;
			children = (
				E50B832915E0136800C685B3 /* OSMScoutOSX-Info.plist */,
				E50B832A15E0136800C685B3 /* InfoPlist.strings */,
				E50B832D15E0136800C685B3 /* main.m */,
				E50B832F15E0136800C685B3 /* OSMScoutOSX-Prefix.pch */,
				E50B833015E0136800C685B3 /* Credits.rtf */,
			);
			name = "Supporting Files";
			sourceTree = "<group>";
		};
		F50CBE7E15E59E7F00F0B370 /* Resources */ = {
			isa = PBXGroup;
			children = (
				F50CBE8015E59EAC00F0B370 /* icons */,
			);
			name = Resources;
			path = OSMScoutOSX;
			sourceTree = "<group>";
		};
		F50CBE8015E59EAC00F0B370 /* icons */ = {
			isa = PBXGroup;
			children = (
				F50CBE8115E59EAC00F0B370 /* 14x14 */,
			);
			path = icons;
			sourceTree = "<group>";
		};
		F50CBE8115E59EAC00F0B370 /* 14x14 */ = {
			isa = PBXGroup;
			children = (
				F50CBE8215E59EAC00F0B370 /* standard */,
			);
			path = 14x14;
			sourceTree = "<group>";
		};
		F50CBE8215E59EAC00F0B370 /* standard */ = {
			isa = PBXGroup;
			children = (
				F50CBE8315E59EAC00F0B370 /* bus_stop.png */,
				F50CBE8415E59EAC00F0B370 /* cemetery.png */,
				F50CBE8515E59EAC00F0B370 /* forest.png */,
				F50CBE8615E59EAC00F0B370 /* hospital.png */,
				F50CBE8715E59EAC00F0B370 /* parking.png */,
				F50CBE8815E59EAC00F0B370 /* pharmacy.png */,
				F50CBE8915E59EAC00F0B370 /* scrub.png */,
			);
			path = standard;
			sourceTree = "<group>";
		};
		F5953E95163880810026B30F /* Products */ = {
			isa = PBXGroup;
			children = (
				F5953E99163880820026B30F /* libosmscoutmapiosx.a */,
				F53BD19B16388431006C7AE1 /* libosmscoutmapiosx-OSX.a */,
			);
			name = Products;
			sourceTree = "<group>";
		};
		F5953E9B163880A30026B30F /* Products */ = {
			isa = PBXGroup;
			children = (
				F5953E9F163880A40026B30F /* libosmscoutmap.a */,
				F53BD19816388431006C7AE1 /* libosmscoutmap-OSX.a */,
			);
			name = Products;
			sourceTree = "<group>";
		};
		F5953EA1163880BB0026B30F /* Products */ = {
			isa = PBXGroup;
			children = (
				F5953EA5163880BC0026B30F /* libosmscout.a */,
				F53BD19516388431006C7AE1 /* libosmscout-OSX.a */,
			);
			name = Products;
			sourceTree = "<group>";
		};
		F5DD1BBB160B880500084E83 /* OSMScoutiOS */ = {
			isa = PBXGroup;
			children = (
				F5DD1BC4160B880500084E83 /* AppDelegate.h */,
				F5DD1BC5160B880500084E83 /* AppDelegate.m */,
				F5DD1C13160D1DFA00084E83 /* OSMScoutIOSView.h */,
				F5DD1C14160D1DFA00084E83 /* OSMScoutIOSView.m */,
				F5DD1BCD160B880500084E83 /* OSMScoutIOSViewController.h */,
				F5DD1BCE160B880500084E83 /* OSMScoutIOSViewController.m */,
				F5DD1BD0160B880500084E83 /* OSMScoutIOSViewController_iPhone.xib */,
				F5DD1BD3160B880500084E83 /* OSMScoutIOSViewController_iPad.xib */,
				F5DD1BBC160B880500084E83 /* Supporting Files */,
			);
			path = OSMScoutiOS;
			sourceTree = "<group>";
		};
		F5DD1BBC160B880500084E83 /* Supporting Files */ = {
			isa = PBXGroup;
			children = (
				F5DD1BBD160B880500084E83 /* OSMScoutiOS-Info.plist */,
				F5DD1BBE160B880500084E83 /* InfoPlist.strings */,
				F5DD1BC1160B880500084E83 /* main.m */,
				F5DD1BC3160B880500084E83 /* OSMScoutiOS-Prefix.pch */,
				F5DD1BC7160B880500084E83 /* Default.png */,
				F5DD1BC9160B880500084E83 /* Default@2x.png */,
				F5DD1BCB160B880500084E83 /* Default-568h@2x.png */,
			);
			name = "Supporting Files";
			sourceTree = "<group>";
		};
		F5DD1BD9160B889600084E83 /* Common */ = {
			isa = PBXGroup;
			children = (
				E50B856F15E029A800C685B3 /* OSMScout.h */,
				E50B856D15E024D400C685B3 /* OSMScout.mm */,
				F5D6036818875EE000D8242B /* OSMScoutMKTileOverlay.h */,
				F5D6036918875EE000D8242B /* OSMScoutMKTileOverlay.m */,
			);
			name = Common;
			sourceTree = "<group>";
		};
/* End PBXGroup section */

/* Begin PBXNativeTarget section */
		E50B831C15E0136800C685B3 /* OSMScoutOSX */ = {
			isa = PBXNativeTarget;
			buildConfigurationList = E50B834F15E0136900C685B3 /* Build configuration list for PBXNativeTarget "OSMScoutOSX" */;
			buildPhases = (
				E50B831915E0136800C685B3 /* Sources */,
				E50B831A15E0136800C685B3 /* Frameworks */,
				E50B831B15E0136800C685B3 /* Resources */,
			);
			buildRules = (
			);
			dependencies = (
				F53BD1A116388449006C7AE1 /* PBXTargetDependency */,
				F53BD19D1638843D006C7AE1 /* PBXTargetDependency */,
				F53BD19F16388443006C7AE1 /* PBXTargetDependency */,
			);
			name = OSMScoutOSX;
			productName = OSMScoutOSX;
			productReference = E50B831D15E0136800C685B3 /* OSMScoutOSX.app */;
			productType = "com.apple.product-type.application";
		};
		F5DD1BB2160B880400084E83 /* OSMScoutiOS */ = {
			isa = PBXNativeTarget;
			buildConfigurationList = F5DD1BD6160B880500084E83 /* Build configuration list for PBXNativeTarget "OSMScoutiOS" */;
			buildPhases = (
				F5DD1BAF160B880400084E83 /* Sources */,
				F5DD1BB0160B880400084E83 /* Frameworks */,
				F5DD1BB1160B880400084E83 /* Resources */,
			);
			buildRules = (
			);
			dependencies = (
				F53BD14D16388252006C7AE1 /* PBXTargetDependency */,
				F53BD14B1638824E006C7AE1 /* PBXTargetDependency */,
				F53BD14916388248006C7AE1 /* PBXTargetDependency */,
			);
			name = OSMScoutiOS;
			productName = OSMScoutiOS;
			productReference = F5DD1BB3160B880400084E83 /* OSMScoutiOS.app */;
			productType = "com.apple.product-type.application";
		};
/* End PBXNativeTarget section */

/* Begin PBXProject section */
		E50B831415E0136800C685B3 /* Project object */ = {
			isa = PBXProject;
			attributes = {
				LastUpgradeCheck = 0500;
				ORGANIZATIONNAME = libosmscout;
			};
			buildConfigurationList = E50B831715E0136800C685B3 /* Build configuration list for PBXProject "OSMScoutOSX" */;
			compatibilityVersion = "Xcode 3.2";
			developmentRegion = English;
			hasScannedForEncodings = 0;
			knownRegions = (
				en,
			);
			mainGroup = E50B831215E0136800C685B3;
			productRefGroup = E50B831E15E0136800C685B3 /* Products */;
			projectDirPath = "";
			projectReferences = (
				{
					ProductGroup = F5953EA1163880BB0026B30F /* Products */;
					ProjectRef = F5953EA0163880BB0026B30F /* libosmscout.xcodeproj */;
				},
				{
					ProductGroup = F5953E9B163880A30026B30F /* Products */;
					ProjectRef = F5953E9A163880A30026B30F /* libosmscoutmap.xcodeproj */;
				},
				{
					ProductGroup = F5953E95163880810026B30F /* Products */;
					ProjectRef = F5953E94163880810026B30F /* libosmscoutmapiosx.xcodeproj */;
				},
			);
			projectRoot = "";
			targets = (
				E50B831C15E0136800C685B3 /* OSMScoutOSX */,
				F5DD1BB2160B880400084E83 /* OSMScoutiOS */,
			);
		};
/* End PBXProject section */

/* Begin PBXReferenceProxy section */
		F53BD19516388431006C7AE1 /* libosmscout-OSX.a */ = {
			isa = PBXReferenceProxy;
			fileType = archive.ar;
			path = "libosmscout-OSX.a";
			remoteRef = F53BD19416388431006C7AE1 /* PBXContainerItemProxy */;
			sourceTree = BUILT_PRODUCTS_DIR;
		};
		F53BD19816388431006C7AE1 /* libosmscoutmap-OSX.a */ = {
			isa = PBXReferenceProxy;
			fileType = archive.ar;
			path = "libosmscoutmap-OSX.a";
			remoteRef = F53BD19716388431006C7AE1 /* PBXContainerItemProxy */;
			sourceTree = BUILT_PRODUCTS_DIR;
		};
		F53BD19B16388431006C7AE1 /* libosmscoutmapiosx-OSX.a */ = {
			isa = PBXReferenceProxy;
			fileType = archive.ar;
			path = "libosmscoutmapiosx-OSX.a";
			remoteRef = F53BD19A16388431006C7AE1 /* PBXContainerItemProxy */;
			sourceTree = BUILT_PRODUCTS_DIR;
		};
		F5953E99163880820026B30F /* libosmscoutmapiosx.a */ = {
			isa = PBXReferenceProxy;
			fileType = archive.ar;
			path = libosmscoutmapiosx.a;
			remoteRef = F5953E98163880820026B30F /* PBXContainerItemProxy */;
			sourceTree = BUILT_PRODUCTS_DIR;
		};
		F5953E9F163880A40026B30F /* libosmscoutmap.a */ = {
			isa = PBXReferenceProxy;
			fileType = archive.ar;
			path = libosmscoutmap.a;
			remoteRef = F5953E9E163880A40026B30F /* PBXContainerItemProxy */;
			sourceTree = BUILT_PRODUCTS_DIR;
		};
		F5953EA5163880BC0026B30F /* libosmscout.a */ = {
			isa = PBXReferenceProxy;
			fileType = archive.ar;
			path = libosmscout.a;
			remoteRef = F5953EA4163880BC0026B30F /* PBXContainerItemProxy */;
			sourceTree = BUILT_PRODUCTS_DIR;
		};
/* End PBXReferenceProxy section */

/* Begin PBXResourcesBuildPhase section */
		E50B831B15E0136800C685B3 /* Resources */ = {
			isa = PBXResourcesBuildPhase;
			buildActionMask = 2147483647;
			files = (
				E50B832C15E0136800C685B3 /* InfoPlist.strings in Resources */,
				E50B833215E0136800C685B3 /* Credits.rtf in Resources */,
				E50B833815E0136900C685B3 /* MainMenu.xib in Resources */,
				F50CBE8A15E59EAC00F0B370 /* bus_stop.png in Resources */,
				F50CBE8B15E59EAC00F0B370 /* cemetery.png in Resources */,
				F50CBE8C15E59EAC00F0B370 /* forest.png in Resources */,
				F50CBE8D15E59EAC00F0B370 /* hospital.png in Resources */,
				F50CBE8E15E59EAC00F0B370 /* parking.png in Resources */,
				F50CBE8F15E59EAC00F0B370 /* pharmacy.png in Resources */,
				F50CBE9015E59EAC00F0B370 /* scrub.png in Resources */,
			);
			runOnlyForDeploymentPostprocessing = 0;
		};
		F5DD1BB1160B880400084E83 /* Resources */ = {
			isa = PBXResourcesBuildPhase;
			buildActionMask = 2147483647;
			files = (
				F5DD1BC0160B880500084E83 /* InfoPlist.strings in Resources */,
				F5DD1BC8160B880500084E83 /* Default.png in Resources */,
				F5DD1BCA160B880500084E83 /* Default@2x.png in Resources */,
				F5DD1BCC160B880500084E83 /* Default-568h@2x.png in Resources */,
				F5DD1BD2160B880500084E83 /* OSMScoutIOSViewController_iPhone.xib in Resources */,
				F5DD1BD5160B880500084E83 /* OSMScoutIOSViewController_iPad.xib in Resources */,
				F5DD1C16160D22A500084E83 /* bus_stop.png in Resources */,
				F5DD1C17160D22A500084E83 /* cemetery.png in Resources */,
				F5DD1C18160D22A500084E83 /* forest.png in Resources */,
				F5DD1C19160D22A500084E83 /* hospital.png in Resources */,
				F5DD1C1A160D22A500084E83 /* parking.png in Resources */,
				F5DD1C1B160D22A500084E83 /* pharmacy.png in Resources */,
				F5DD1C1C160D22A500084E83 /* scrub.png in Resources */,
			);
			runOnlyForDeploymentPostprocessing = 0;
		};
/* End PBXResourcesBuildPhase section */

/* Begin PBXSourcesBuildPhase section */
		E50B831915E0136800C685B3 /* Sources */ = {
			isa = PBXSourcesBuildPhase;
			buildActionMask = 2147483647;
			files = (
				E50B832E15E0136800C685B3 /* main.m in Sources */,
				E50B833515E0136800C685B3 /* AppDelegate.m in Sources */,
				E50B856815E0219200C685B3 /* OSMScoutViewController.m in Sources */,
				E50B856B15E021DD00C685B3 /* OSMScoutView.m in Sources */,
				E50B856E15E024D400C685B3 /* OSMScout.mm in Sources */,
				F5D6036A18875EE000D8242B /* OSMScoutMKTileOverlay.m in Sources */,
			);
			runOnlyForDeploymentPostprocessing = 0;
		};
		F5DD1BAF160B880400084E83 /* Sources */ = {
			isa = PBXSourcesBuildPhase;
			buildActionMask = 2147483647;
			files = (
				F5DD1BC2160B880500084E83 /* main.m in Sources */,
				F5DD1BC6160B880500084E83 /* AppDelegate.m in Sources */,
				F5DD1BCF160B880500084E83 /* OSMScoutIOSViewController.m in Sources */,
				F5DD1BDA160B88EA00084E83 /* OSMScout.mm in Sources */,
				F5DD1C15160D1DFA00084E83 /* OSMScoutIOSView.m in Sources */,
				F5D6036B18875EE000D8242B /* OSMScoutMKTileOverlay.m in Sources */,
			);
			runOnlyForDeploymentPostprocessing = 0;
		};
/* End PBXSourcesBuildPhase section */

/* Begin PBXTargetDependency section */
		F53BD14916388248006C7AE1 /* PBXTargetDependency */ = {
			isa = PBXTargetDependency;
			name = libosmscout;
			targetProxy = F53BD14816388248006C7AE1 /* PBXContainerItemProxy */;
		};
		F53BD14B1638824E006C7AE1 /* PBXTargetDependency */ = {
			isa = PBXTargetDependency;
			name = libosmscoutmap;
			targetProxy = F53BD14A1638824E006C7AE1 /* PBXContainerItemProxy */;
		};
		F53BD14D16388252006C7AE1 /* PBXTargetDependency */ = {
			isa = PBXTargetDependency;
			name = libosmscoutmapiosx;
			targetProxy = F53BD14C16388252006C7AE1 /* PBXContainerItemProxy */;
		};
		F53BD19D1638843D006C7AE1 /* PBXTargetDependency */ = {
			isa = PBXTargetDependency;
			name = "libosmscoutmap-OSX";
			targetProxy = F53BD19C1638843D006C7AE1 /* PBXContainerItemProxy */;
		};
		F53BD19F16388443006C7AE1 /* PBXTargetDependency */ = {
			isa = PBXTargetDependency;
			name = "libosmscoutmapiosx-OSX";
			targetProxy = F53BD19E16388443006C7AE1 /* PBXContainerItemProxy */;
		};
		F53BD1A116388449006C7AE1 /* PBXTargetDependency */ = {
			isa = PBXTargetDependency;
			name = "libosmscout-OSX";
			targetProxy = F53BD1A016388449006C7AE1 /* PBXContainerItemProxy */;
		};
/* End PBXTargetDependency section */

/* Begin PBXVariantGroup section */
		E50B832A15E0136800C685B3 /* InfoPlist.strings */ = {
			isa = PBXVariantGroup;
			children = (
				E50B832B15E0136800C685B3 /* en */,
			);
			name = InfoPlist.strings;
			sourceTree = "<group>";
		};
		E50B833015E0136800C685B3 /* Credits.rtf */ = {
			isa = PBXVariantGroup;
			children = (
				E50B833115E0136800C685B3 /* en */,
			);
			name = Credits.rtf;
			sourceTree = "<group>";
		};
		E50B833615E0136900C685B3 /* MainMenu.xib */ = {
			isa = PBXVariantGroup;
			children = (
				E50B833715E0136900C685B3 /* en */,
			);
			name = MainMenu.xib;
			sourceTree = "<group>";
		};
		F5DD1BBE160B880500084E83 /* InfoPlist.strings */ = {
			isa = PBXVariantGroup;
			children = (
				F5DD1BBF160B880500084E83 /* en */,
			);
			name = InfoPlist.strings;
			sourceTree = "<group>";
		};
		F5DD1BD0160B880500084E83 /* OSMScoutIOSViewController_iPhone.xib */ = {
			isa = PBXVariantGroup;
			children = (
				F5DD1BD1160B880500084E83 /* en */,
			);
			name = OSMScoutIOSViewController_iPhone.xib;
			sourceTree = "<group>";
		};
		F5DD1BD3160B880500084E83 /* OSMScoutIOSViewController_iPad.xib */ = {
			isa = PBXVariantGroup;
			children = (
				F5DD1BD4160B880500084E83 /* en */,
			);
			name = OSMScoutIOSViewController_iPad.xib;
			sourceTree = "<group>";
		};
/* End PBXVariantGroup section */

/* Begin XCBuildConfiguration section */
		E50B834D15E0136900C685B3 /* Debug */ = {
			isa = XCBuildConfiguration;
			buildSettings = {
				ALWAYS_SEARCH_USER_PATHS = NO;
				CLANG_CXX_LANGUAGE_STANDARD = "gnu++0x";
				CLANG_ENABLE_OBJC_ARC = YES;
				CLANG_WARN__DUPLICATE_METHOD_MATCH = YES;
				COPY_PHASE_STRIP = NO;
				GCC_C_LANGUAGE_STANDARD = gnu99;
				GCC_DYNAMIC_NO_PIC = NO;
				GCC_ENABLE_OBJC_EXCEPTIONS = YES;
				GCC_OPTIMIZATION_LEVEL = 0;
				GCC_PREPROCESSOR_DEFINITIONS = (
					"DEBUG=1",
					"$(inherited)",
				);
				GCC_SYMBOLS_PRIVATE_EXTERN = NO;
				GCC_WARN_64_TO_32_BIT_CONVERSION = YES;
				GCC_WARN_ABOUT_RETURN_TYPE = YES;
				GCC_WARN_UNINITIALIZED_AUTOS = YES;
				GCC_WARN_UNUSED_VARIABLE = YES;
				HEADER_SEARCH_PATHS = (
					../../libosmscout/include,
					"../../libosmscout-map/include",
					"../../libosmscout-map-iOSX/include",
				);
				MACOSX_DEPLOYMENT_TARGET = 10.8;
				ONLY_ACTIVE_ARCH = YES;
				SDKROOT = macosx;
			};
			name = Debug;
		};
		E50B834E15E0136900C685B3 /* Release */ = {
			isa = XCBuildConfiguration;
			buildSettings = {
				ALWAYS_SEARCH_USER_PATHS = NO;
				CLANG_CXX_LANGUAGE_STANDARD = "gnu++0x";
				CLANG_ENABLE_OBJC_ARC = YES;
				CLANG_WARN__DUPLICATE_METHOD_MATCH = YES;
				COPY_PHASE_STRIP = YES;
				DEBUG_INFORMATION_FORMAT = "dwarf-with-dsym";
				GCC_C_LANGUAGE_STANDARD = gnu99;
				GCC_ENABLE_OBJC_EXCEPTIONS = YES;
				GCC_WARN_64_TO_32_BIT_CONVERSION = YES;
				GCC_WARN_ABOUT_RETURN_TYPE = YES;
				GCC_WARN_UNINITIALIZED_AUTOS = YES;
				GCC_WARN_UNUSED_VARIABLE = YES;
				HEADER_SEARCH_PATHS = (
					../../libosmscout/include,
					"../../libosmscout-map/include",
					"../../libosmscout-map-iOSX/include",
				);
				MACOSX_DEPLOYMENT_TARGET = 10.8;
				SDKROOT = macosx;
			};
			name = Release;
		};
		E50B835015E0136900C685B3 /* Debug */ = {
			isa = XCBuildConfiguration;
			buildSettings = {
				CLANG_CXX_LANGUAGE_STANDARD = "c++0x";
				CLANG_CXX_LIBRARY = "libc++";
				COMBINE_HIDPI_IMAGES = YES;
				GCC_C_LANGUAGE_STANDARD = c11;
				GCC_PRECOMPILE_PREFIX_HEADER = YES;
				GCC_PREFIX_HEADER = "OSMScoutOSX/OSMScoutOSX-Prefix.pch";
				INFOPLIST_FILE = "OSMScoutOSX/OSMScoutOSX-Info.plist";
				PRODUCT_NAME = "$(TARGET_NAME)";
				WRAPPER_EXTENSION = app;
			};
			name = Debug;
		};
		E50B835115E0136900C685B3 /* Release */ = {
			isa = XCBuildConfiguration;
			buildSettings = {
				CLANG_CXX_LANGUAGE_STANDARD = "c++0x";
				CLANG_CXX_LIBRARY = "libc++";
				COMBINE_HIDPI_IMAGES = YES;
				GCC_C_LANGUAGE_STANDARD = c11;
				GCC_PRECOMPILE_PREFIX_HEADER = YES;
				GCC_PREFIX_HEADER = "OSMScoutOSX/OSMScoutOSX-Prefix.pch";
				INFOPLIST_FILE = "OSMScoutOSX/OSMScoutOSX-Info.plist";
				PRODUCT_NAME = "$(TARGET_NAME)";
				WRAPPER_EXTENSION = app;
			};
			name = Release;
		};
		F5DD1BD7160B880500084E83 /* Debug */ = {
			isa = XCBuildConfiguration;
			buildSettings = {
				CLANG_CXX_LANGUAGE_STANDARD = "c++0x";
				CLANG_CXX_LIBRARY = "libc++";
				CLANG_ENABLE_OBJC_ARC = YES;
				CLANG_WARN_EMPTY_BODY = YES;
				"CODE_SIGN_IDENTITY[sdk=iphoneos*]" = "iPhone Developer";
				FRAMEWORK_SEARCH_PATHS = (
					"$(inherited)",
					"\"$(SYSTEM_APPS_DIR)/Xcode.app/Contents/Developer/Library/Frameworks\"",
				);
				GCC_C_LANGUAGE_STANDARD = c11;
				GCC_PRECOMPILE_PREFIX_HEADER = YES;
				GCC_PREFIX_HEADER = "OSMScoutiOS/OSMScoutiOS-Prefix.pch";
				GCC_VERSION = "";
				INFOPLIST_FILE = "OSMScoutiOS/OSMScoutiOS-Info.plist";
				IPHONEOS_DEPLOYMENT_TARGET = 6.0;
				PRODUCT_NAME = "$(TARGET_NAME)";
				SDKROOT = iphoneos;
				TARGETED_DEVICE_FAMILY = "1,2";
				WRAPPER_EXTENSION = app;
			};
			name = Debug;
		};
		F5DD1BD8160B880500084E83 /* Release */ = {
			isa = XCBuildConfiguration;
			buildSettings = {
				CLANG_CXX_LANGUAGE_STANDARD = "c++0x";
				CLANG_CXX_LIBRARY = "libc++";
				CLANG_ENABLE_OBJC_ARC = YES;
				CLANG_WARN_EMPTY_BODY = YES;
				"CODE_SIGN_IDENTITY[sdk=iphoneos*]" = "iPhone Developer";
				FRAMEWORK_SEARCH_PATHS = (
					"$(inherited)",
					"\"$(SYSTEM_APPS_DIR)/Xcode.app/Contents/Developer/Library/Frameworks\"",
				);
				GCC_C_LANGUAGE_STANDARD = c11;
				GCC_PRECOMPILE_PREFIX_HEADER = YES;
				GCC_PREFIX_HEADER = "OSMScoutiOS/OSMScoutiOS-Prefix.pch";
				GCC_VERSION = "";
				INFOPLIST_FILE = "OSMScoutiOS/OSMScoutiOS-Info.plist";
				IPHONEOS_DEPLOYMENT_TARGET = 6.0;
				OTHER_CFLAGS = "-DNS_BLOCK_ASSERTIONS=1";
				PRODUCT_NAME = "$(TARGET_NAME)";
				SDKROOT = iphoneos;
				TARGETED_DEVICE_FAMILY = "1,2";
				VALIDATE_PRODUCT = YES;
				WRAPPER_EXTENSION = app;
			};
			name = Release;
		};
/* End XCBuildConfiguration section */

/* Begin XCConfigurationList section */
		E50B831715E0136800C685B3 /* Build configuration list for PBXProject "OSMScoutOSX" */ = {
			isa = XCConfigurationList;
			buildConfigurations = (
				E50B834D15E0136900C685B3 /* Debug */,
				E50B834E15E0136900C685B3 /* Release */,
			);
			defaultConfigurationIsVisible = 0;
			defaultConfigurationName = Release;
		};
		E50B834F15E0136900C685B3 /* Build configuration list for PBXNativeTarget "OSMScoutOSX" */ = {
			isa = XCConfigurationList;
			buildConfigurations = (
				E50B835015E0136900C685B3 /* Debug */,
				E50B835115E0136900C685B3 /* Release */,
			);
			defaultConfigurationIsVisible = 0;
			defaultConfigurationName = Release;
		};
		F5DD1BD6160B880500084E83 /* Build configuration list for PBXNativeTarget "OSMScoutiOS" */ = {
			isa = XCConfigurationList;
			buildConfigurations = (
				F5DD1BD7160B880500084E83 /* Debug */,
				F5DD1BD8160B880500084E83 /* Release */,
			);
			defaultConfigurationIsVisible = 0;
			defaultConfigurationName = Release;
		};
/* End XCConfigurationList section */
	};
	rootObject = E50B831415E0136800C685B3 /* Project object */;
}
